// !$*UTF8*$!
{
	archiveVersion = 1;
	classes = {
	};
	objectVersion = 46;
	objects = {
/* Begin PBXBuildFile section */
		0207DA581B56EA530066E2B4 /* Images.xcassets in Resources */ = {isa = PBXBuildFile; fileRef = 0207DA571B56EA530066E2B4 /* Images.xcassets */; };
		1D3623260D0F684500981E51 /* AppDelegate.m in Sources */ = {isa = PBXBuildFile; fileRef = 1D3623250D0F684500981E51 /* AppDelegate.m */; };
		1D60589B0D05DD56006BFB54 /* main.m in Sources */ = {isa = PBXBuildFile; fileRef = 29B97316FDCFA39411CA2CEA /* main.m */; };
		301BF552109A68D80062928A /* libCordova.a in Frameworks */ = {isa = PBXBuildFile; fileRef = 301BF535109A57CC0062928A /* libCordova.a */; };
		302D95F114D2391D003F00A1 /* MainViewController.m in Sources */ = {isa = PBXBuildFile; fileRef = 302D95EF14D2391D003F00A1 /* MainViewController.m */; };
		302D95F214D2391D003F00A1 /* MainViewController.xib in Resources */ = {isa = PBXBuildFile; fileRef = 302D95F014D2391D003F00A1 /* MainViewController.xib */; };
		3047A5121AB8059700498E2A /* build-debug.xcconfig in Resources */ = {isa = PBXBuildFile; fileRef = 3047A50F1AB8059700498E2A /* build-debug.xcconfig */; };
		3047A5131AB8059700498E2A /* build-release.xcconfig in Resources */ = {isa = PBXBuildFile; fileRef = 3047A5101AB8059700498E2A /* build-release.xcconfig */; };
		3047A5141AB8059700498E2A /* build.xcconfig in Resources */ = {isa = PBXBuildFile; fileRef = 3047A5111AB8059700498E2A /* build.xcconfig */; };
		7EE67BDC2C5D473A8090AEFF /* Foundation.framework in Frameworks */ = {isa = PBXBuildFile; fileRef = 0BD123FD384B4FC3AFBB376B /* Foundation.framework */; };
		73132048C3F24F5DB72AEA0B /* CoreData.framework in Frameworks */ = {isa = PBXBuildFile; fileRef = 55BEB0E298E44A749A4DF967 /* CoreData.framework */; };
		9B7E90665584488484229EAA /* libMetawear-iOSAPI.a in Frameworks */ = {isa = PBXBuildFile; fileRef = 0CF52CF1B454441BBD795724 /* libMetawear-iOSAPI.a */; };
		EC37422952C24567927028E5 /* Bolts.m in Sources */ = {isa = PBXBuildFile; fileRef = 724F69612C2247D9993CE4CA /* Bolts.m */; };
		AED17E66A7D34659941EB7F5 /* BFCancellationToken.m in Sources */ = {isa = PBXBuildFile; fileRef = F340856B0F8D403E8B71DFA0 /* BFCancellationToken.m */; };
		BDD7CC45613B4794AFFA8741 /* BFCancellationTokenRegistration.m in Sources */ = {isa = PBXBuildFile; fileRef = 21E1AB85A5FE4A3385D72C87 /* BFCancellationTokenRegistration.m */; };
		A02F8956977E4D14B8165678 /* BFCancellationTokenSource.m in Sources */ = {isa = PBXBuildFile; fileRef = 3C77C1C52A404AF288DFD9D0 /* BFCancellationTokenSource.m */; };
		2DB0BBB65EE748308E415D28 /* BFExecutor.m in Sources */ = {isa = PBXBuildFile; fileRef = 44A7484DF7EE485AAD5531F2 /* BFExecutor.m */; };
		0E7516651C9A445BAF1A8B6C /* BFTask.m in Sources */ = {isa = PBXBuildFile; fileRef = B6CC3CBC45D643708B053D46 /* BFTask.m */; };
		809D906327194D27B0D86E1F /* BFTaskCompletionSource.m in Sources */ = {isa = PBXBuildFile; fileRef = 0038BDB1565942118F81CC6D /* BFTaskCompletionSource.m */; };
		91745213DF544DDDB99B96F7 /* MWDevice.m in Sources */ = {isa = PBXBuildFile; fileRef = 148EF256B71F44158EEEB879 /* MWDevice.m */; };
		16F1641F3D9248FE805F6A58 /* MWSupportedModules.m in Sources */ = {isa = PBXBuildFile; fileRef = 5D46D1C994BF421EBDB23137 /* MWSupportedModules.m */; };
		2D90B3320B7346259F5B0214 /* RSSI.m in Sources */ = {isa = PBXBuildFile; fileRef = 1470FA2C9CDB4F4A866BC29B /* RSSI.m */; };
		B66840A3C4C04F8A840F99DF /* LEDModule.m in Sources */ = {isa = PBXBuildFile; fileRef = ED8CA14144824BE8920BBBD7 /* LEDModule.m */; };
		86C6BF6F21B142C68D516E32 /* BatteryLevel.m in Sources */ = {isa = PBXBuildFile; fileRef = 1ECFE1B3ED3F4106855C7A20 /* BatteryLevel.m */; };
		2BBA11E0C7CB4E20A80AC75A /* MWAccelerometer.m in Sources */ = {isa = PBXBuildFile; fileRef = A6CFA07763F341C0B4267DC4 /* MWAccelerometer.m */; };
		1CFC07A105F349F59210BE7E /* MWMultiChannelTemperature.m in Sources */ = {isa = PBXBuildFile; fileRef = 662804AF7BEF4FC78E7B83A8 /* MWMultiChannelTemperature.m */; };
		BB2DC3EA8FA749029FF3211E /* StepCounter.m in Sources */ = {isa = PBXBuildFile; fileRef = 15E95519B4C34FBD9597389F /* StepCounter.m */; };
		3BF075EF54784CC08CBC7D21 /* MWGyroscope.m in Sources */ = {isa = PBXBuildFile; fileRef = 8FD2792341FE42358C1361E4 /* MWGyroscope.m */; };
/* End PBXBuildFile section */

/* Begin PBXContainerItemProxy section */
		301BF534109A57CC0062928A /* PBXContainerItemProxy */ = {
			isa = PBXContainerItemProxy;
			containerPortal = 301BF52D109A57CC0062928A /* CordovaLib.xcodeproj */;
			proxyType = 2;
			remoteGlobalIDString = D2AAC07E0554694100DB518D;
			remoteInfo = CordovaLib;
		};
		301BF550109A68C00062928A /* PBXContainerItemProxy */ = {
			isa = PBXContainerItemProxy;
			containerPortal = 301BF52D109A57CC0062928A /* CordovaLib.xcodeproj */;
			proxyType = 1;
			remoteGlobalIDString = D2AAC07D0554694100DB518D;
			remoteInfo = CordovaLib;
		};
/* End PBXContainerItemProxy section */

/* Begin PBXFileReference section */
		0207DA571B56EA530066E2B4 /* Images.xcassets */ = {isa = PBXFileReference; lastKnownFileType = folder.assetcatalog; name = Images.xcassets; path = "HelloCordova/Images.xcassets"; sourceTree = SOURCE_ROOT; };
		1D3623240D0F684500981E51 /* AppDelegate.h */ = {isa = PBXFileReference; fileEncoding = 4; lastKnownFileType = sourcecode.c.h; path = AppDelegate.h; sourceTree = "<group>"; };
		1D3623250D0F684500981E51 /* AppDelegate.m */ = {isa = PBXFileReference; fileEncoding = 4; lastKnownFileType = sourcecode.c.objc; path = AppDelegate.m; sourceTree = "<group>"; };
		1D6058910D05DD3D006BFB54 /* HelloCordova.app */ = {isa = PBXFileReference; explicitFileType = wrapper.application; includeInIndex = 0; path = "HelloCordova.app"; sourceTree = BUILT_PRODUCTS_DIR; };
		29B97316FDCFA39411CA2CEA /* main.m */ = {isa = PBXFileReference; fileEncoding = 4; lastKnownFileType = sourcecode.c.objc; path = main.m; sourceTree = "<group>"; };
		301BF52D109A57CC0062928A /* CordovaLib.xcodeproj */ = {isa = PBXFileReference; lastKnownFileType = "wrapper.pb-project"; name = CordovaLib.xcodeproj; path = CordovaLib/CordovaLib.xcodeproj; sourceTree = "<group>"; };
		301BF56E109A69640062928A /* www */ = {isa = PBXFileReference; lastKnownFileType = folder; path = www; sourceTree = SOURCE_ROOT; };
		302D95EE14D2391D003F00A1 /* MainViewController.h */ = {isa = PBXFileReference; fileEncoding = 4; lastKnownFileType = sourcecode.c.h; path = MainViewController.h; sourceTree = "<group>"; };
		302D95EF14D2391D003F00A1 /* MainViewController.m */ = {isa = PBXFileReference; fileEncoding = 4; lastKnownFileType = sourcecode.c.objc; path = MainViewController.m; sourceTree = "<group>"; };
		302D95F014D2391D003F00A1 /* MainViewController.xib */ = {isa = PBXFileReference; fileEncoding = 4; lastKnownFileType = file.xib; path = MainViewController.xib; sourceTree = "<group>"; };
		3047A50F1AB8059700498E2A /* build-debug.xcconfig */ = {isa = PBXFileReference; fileEncoding = 4; lastKnownFileType = text.xcconfig; name = "build-debug.xcconfig"; path = cordova/build-debug.xcconfig; sourceTree = SOURCE_ROOT; };
		3047A5101AB8059700498E2A /* build-release.xcconfig */ = {isa = PBXFileReference; fileEncoding = 4; lastKnownFileType = text.xcconfig; name = "build-release.xcconfig"; path = cordova/build-release.xcconfig; sourceTree = SOURCE_ROOT; };
		3047A5111AB8059700498E2A /* build.xcconfig */ = {isa = PBXFileReference; fileEncoding = 4; lastKnownFileType = text.xcconfig; name = build.xcconfig; path = cordova/build.xcconfig; sourceTree = SOURCE_ROOT; };
		32CA4F630368D1EE00C91783 /* HelloCordova-Prefix.pch */ = {isa = PBXFileReference; fileEncoding = 4; lastKnownFileType = sourcecode.c.h; path = "HelloCordova-Prefix.pch"; sourceTree = "<group>"; };
		8D1107310486CEB800E47090 /* HelloCordova-Info.plist */ = {isa = PBXFileReference; fileEncoding = 4; lastKnownFileType = text.plist.xml; name = "HelloCordova-Info.plist"; path = "HelloCordova/HelloCordova-Info.plist"; plistStructureDefinitionIdentifier = "com.apple.xcode.plist.structure-definition.iphone.info-plist"; sourceTree = SOURCE_ROOT; };
		EB87FDF31871DA8E0020F90C /* www */ = {isa = PBXFileReference; lastKnownFileType = folder; name = www; path = ../../www; sourceTree = "<group>"; };
		EB87FDF41871DAF40020F90C /* config.xml */ = {isa = PBXFileReference; lastKnownFileType = text.xml; name = config.xml; path = ../../config.xml; sourceTree = "<group>"; };
		F840E1F0165FE0F500CFE078 /* config.xml */ = {isa = PBXFileReference; lastKnownFileType = text.xml; name = config.xml; path = "HelloCordova/config.xml"; sourceTree = "<group>"; };
		ED33DF2A687741AEAF9F8254 /* Bridging-Header.h */ = {isa = PBXFileReference; fileEncoding = 4; lastKnownFileType = sourcecode.c.h; name = "Bridging-Header.h"; path = "Bridging-Header.h"; sourceTree = "<group>"; };
		0BD123FD384B4FC3AFBB376B /* Foundation.framework */ = {isa = PBXFileReference; name = "Foundation.framework"; path = "System/Library/Frameworks/Foundation.framework"; sourceTree = SDKROOT; fileEncoding = undefined; lastKnownFileType = wrapper.framework; explicitFileType = undefined; includeInIndex = 0; };
		55BEB0E298E44A749A4DF967 /* CoreData.framework */ = {isa = PBXFileReference; name = "CoreData.framework"; path = "System/Library/Frameworks/CoreData.framework"; sourceTree = SDKROOT; fileEncoding = undefined; lastKnownFileType = wrapper.framework; explicitFileType = undefined; includeInIndex = 0; };
		0CF52CF1B454441BBD795724 /* libMetawear-iOSAPI.a */ = {isa = PBXFileReference; name = "libMetawear-iOSAPI.a"; path = "HelloCordova/Plugins/com.mbientlab.metawear/libMetawear-iOSAPI.a"; sourceTree = "<group>"; fileEncoding = undefined; lastKnownFileType = archive.ar; explicitFileType = undefined; includeInIndex = 0; };
		724F69612C2247D9993CE4CA /* Bolts.m */ = {isa = PBXFileReference; name = "Bolts.m"; path = "com.mbientlab.metawear/Bolts.m"; sourceTree = "<group>"; fileEncoding = 4; lastKnownFileType = sourcecode.c.objc; explicitFileType = undefined; includeInIndex = 0; };
		F340856B0F8D403E8B71DFA0 /* BFCancellationToken.m */ = {isa = PBXFileReference; name = "BFCancellationToken.m"; path = "com.mbientlab.metawear/BFCancellationToken.m"; sourceTree = "<group>"; fileEncoding = 4; lastKnownFileType = sourcecode.c.objc; explicitFileType = undefined; includeInIndex = 0; };
		21E1AB85A5FE4A3385D72C87 /* BFCancellationTokenRegistration.m */ = {isa = PBXFileReference; name = "BFCancellationTokenRegistration.m"; path = "com.mbientlab.metawear/BFCancellationTokenRegistration.m"; sourceTree = "<group>"; fileEncoding = 4; lastKnownFileType = sourcecode.c.objc; explicitFileType = undefined; includeInIndex = 0; };
		3C77C1C52A404AF288DFD9D0 /* BFCancellationTokenSource.m */ = {isa = PBXFileReference; name = "BFCancellationTokenSource.m"; path = "com.mbientlab.metawear/BFCancellationTokenSource.m"; sourceTree = "<group>"; fileEncoding = 4; lastKnownFileType = sourcecode.c.objc; explicitFileType = undefined; includeInIndex = 0; };
		44A7484DF7EE485AAD5531F2 /* BFExecutor.m */ = {isa = PBXFileReference; name = "BFExecutor.m"; path = "com.mbientlab.metawear/BFExecutor.m"; sourceTree = "<group>"; fileEncoding = 4; lastKnownFileType = sourcecode.c.objc; explicitFileType = undefined; includeInIndex = 0; };
		B6CC3CBC45D643708B053D46 /* BFTask.m */ = {isa = PBXFileReference; name = "BFTask.m"; path = "com.mbientlab.metawear/BFTask.m"; sourceTree = "<group>"; fileEncoding = 4; lastKnownFileType = sourcecode.c.objc; explicitFileType = undefined; includeInIndex = 0; };
		0038BDB1565942118F81CC6D /* BFTaskCompletionSource.m */ = {isa = PBXFileReference; name = "BFTaskCompletionSource.m"; path = "com.mbientlab.metawear/BFTaskCompletionSource.m"; sourceTree = "<group>"; fileEncoding = 4; lastKnownFileType = sourcecode.c.objc; explicitFileType = undefined; includeInIndex = 0; };
		148EF256B71F44158EEEB879 /* MWDevice.m */ = {isa = PBXFileReference; name = "MWDevice.m"; path = "com.mbientlab.metawear/MWDevice.m"; sourceTree = "<group>"; fileEncoding = 4; lastKnownFileType = sourcecode.c.objc; explicitFileType = undefined; includeInIndex = 0; };
		5D46D1C994BF421EBDB23137 /* MWSupportedModules.m */ = {isa = PBXFileReference; name = "MWSupportedModules.m"; path = "com.mbientlab.metawear/MWSupportedModules.m"; sourceTree = "<group>"; fileEncoding = 4; lastKnownFileType = sourcecode.c.objc; explicitFileType = undefined; includeInIndex = 0; };
		1470FA2C9CDB4F4A866BC29B /* RSSI.m */ = {isa = PBXFileReference; name = "RSSI.m"; path = "com.mbientlab.metawear/RSSI.m"; sourceTree = "<group>"; fileEncoding = 4; lastKnownFileType = sourcecode.c.objc; explicitFileType = undefined; includeInIndex = 0; };
		ED8CA14144824BE8920BBBD7 /* LEDModule.m */ = {isa = PBXFileReference; name = "LEDModule.m"; path = "com.mbientlab.metawear/LEDModule.m"; sourceTree = "<group>"; fileEncoding = 4; lastKnownFileType = sourcecode.c.objc; explicitFileType = undefined; includeInIndex = 0; };
		1ECFE1B3ED3F4106855C7A20 /* BatteryLevel.m */ = {isa = PBXFileReference; name = "BatteryLevel.m"; path = "com.mbientlab.metawear/BatteryLevel.m"; sourceTree = "<group>"; fileEncoding = 4; lastKnownFileType = sourcecode.c.objc; explicitFileType = undefined; includeInIndex = 0; };
		A6CFA07763F341C0B4267DC4 /* MWAccelerometer.m */ = {isa = PBXFileReference; name = "MWAccelerometer.m"; path = "com.mbientlab.metawear/MWAccelerometer.m"; sourceTree = "<group>"; fileEncoding = 4; lastKnownFileType = sourcecode.c.objc; explicitFileType = undefined; includeInIndex = 0; };
		662804AF7BEF4FC78E7B83A8 /* MWMultiChannelTemperature.m */ = {isa = PBXFileReference; name = "MWMultiChannelTemperature.m"; path = "com.mbientlab.metawear/MWMultiChannelTemperature.m"; sourceTree = "<group>"; fileEncoding = 4; lastKnownFileType = sourcecode.c.objc; explicitFileType = undefined; includeInIndex = 0; };
		15E95519B4C34FBD9597389F /* StepCounter.m */ = {isa = PBXFileReference; name = "StepCounter.m"; path = "com.mbientlab.metawear/StepCounter.m"; sourceTree = "<group>"; fileEncoding = 4; lastKnownFileType = sourcecode.c.objc; explicitFileType = undefined; includeInIndex = 0; };
		8FD2792341FE42358C1361E4 /* MWGyroscope.m */ = {isa = PBXFileReference; name = "MWGyroscope.m"; path = "com.mbientlab.metawear/MWGyroscope.m"; sourceTree = "<group>"; fileEncoding = 4; lastKnownFileType = sourcecode.c.objc; explicitFileType = undefined; includeInIndex = 0; };
		FFBD6BE32EA04239971EE2D0 /* MBLConstants.h */ = {isa = PBXFileReference; name = "MBLConstants.h"; path = "com.mbientlab.metawear/MBLConstants.h"; sourceTree = "<group>"; fileEncoding = 4; lastKnownFileType = sourcecode.c.h; explicitFileType = undefined; includeInIndex = 0; };
		D70837FEC7BA434FB233ACEA /* MBLMetaWear.h */ = {isa = PBXFileReference; name = "MBLMetaWear.h"; path = "com.mbientlab.metawear/MBLMetaWear.h"; sourceTree = "<group>"; fileEncoding = 4; lastKnownFileType = sourcecode.c.h; explicitFileType = undefined; includeInIndex = 0; };
		707B5BA642714F50AA053526 /* MBLMetaWearManager.h */ = {isa = PBXFileReference; name = "MBLMetaWearManager.h"; path = "com.mbientlab.metawear/MBLMetaWearManager.h"; sourceTree = "<group>"; fileEncoding = 4; lastKnownFileType = sourcecode.c.h; explicitFileType = undefined; includeInIndex = 0; };
		395350FF97DE42C1A8AA490F /* MBLAccelerometer.h */ = {isa = PBXFileReference; name = "MBLAccelerometer.h"; path = "com.mbientlab.metawear/MBLAccelerometer.h"; sourceTree = "<group>"; fileEncoding = 4; lastKnownFileType = sourcecode.c.h; explicitFileType = undefined; includeInIndex = 0; };
		3FB5281BDCFD43ED84775660 /* MBLAccelerometerBMI160.h */ = {isa = PBXFileReference; name = "MBLAccelerometerBMI160.h"; path = "com.mbientlab.metawear/MBLAccelerometerBMI160.h"; sourceTree = "<group>"; fileEncoding = 4; lastKnownFileType = sourcecode.c.h; explicitFileType = undefined; includeInIndex = 0; };
		9666E1D01D224E8BBEB839C5 /* MBLAccelerometerBosch.h */ = {isa = PBXFileReference; name = "MBLAccelerometerBosch.h"; path = "com.mbientlab.metawear/MBLAccelerometerBosch.h"; sourceTree = "<group>"; fileEncoding = 4; lastKnownFileType = sourcecode.c.h; explicitFileType = undefined; includeInIndex = 0; };
		0D62AC4B4AA1429F8126E7AA /* bmi160.h */ = {isa = PBXFileReference; name = "bmi160.h"; path = "com.mbientlab.metawear/bmi160.h"; sourceTree = "<group>"; fileEncoding = 4; lastKnownFileType = sourcecode.c.h; explicitFileType = undefined; includeInIndex = 0; };
		E0F1D6365BB844E590B2EB72 /* MBLAccelerometerData.h */ = {isa = PBXFileReference; name = "MBLAccelerometerData.h"; path = "com.mbientlab.metawear/MBLAccelerometerData.h"; sourceTree = "<group>"; fileEncoding = 4; lastKnownFileType = sourcecode.c.h; explicitFileType = undefined; includeInIndex = 0; };
		A4D1F11D93DC4F4182C360F0 /* MBLGyro.h */ = {isa = PBXFileReference; name = "MBLGyro.h"; path = "com.mbientlab.metawear/MBLGyro.h"; sourceTree = "<group>"; fileEncoding = 4; lastKnownFileType = sourcecode.c.h; explicitFileType = undefined; includeInIndex = 0; };
		8700415ED49A41809C114EBE /* MBLGyroData.h */ = {isa = PBXFileReference; name = "MBLGyroData.h"; path = "com.mbientlab.metawear/MBLGyroData.h"; sourceTree = "<group>"; fileEncoding = 4; lastKnownFileType = sourcecode.c.h; explicitFileType = undefined; includeInIndex = 0; };
		99A54A9CE1104E5986804442 /* MBLOrientationData.h */ = {isa = PBXFileReference; name = "MBLOrientationData.h"; path = "com.mbientlab.metawear/MBLOrientationData.h"; sourceTree = "<group>"; fileEncoding = 4; lastKnownFileType = sourcecode.c.h; explicitFileType = undefined; includeInIndex = 0; };
		7BE190F2A20044F1819E41E4 /* MBLTemperature.h */ = {isa = PBXFileReference; name = "MBLTemperature.h"; path = "com.mbientlab.metawear/MBLTemperature.h"; sourceTree = "<group>"; fileEncoding = 4; lastKnownFileType = sourcecode.c.h; explicitFileType = undefined; includeInIndex = 0; };
		3BD7E54F93574BACB1EA1170 /* MBLExternalThermistor.h */ = {isa = PBXFileReference; name = "MBLExternalThermistor.h"; path = "com.mbientlab.metawear/MBLExternalThermistor.h"; sourceTree = "<group>"; fileEncoding = 4; lastKnownFileType = sourcecode.c.h; explicitFileType = undefined; includeInIndex = 0; };
		EFAC0AD3241C4D719529ABE6 /* MBLData.h */ = {isa = PBXFileReference; name = "MBLData.h"; path = "com.mbientlab.metawear/MBLData.h"; sourceTree = "<group>"; fileEncoding = 4; lastKnownFileType = sourcecode.c.h; explicitFileType = undefined; includeInIndex = 0; };
		9285A1F59A6F4FBB97835D43 /* MBLNumericData.h */ = {isa = PBXFileReference; name = "MBLNumericData.h"; path = "com.mbientlab.metawear/MBLNumericData.h"; sourceTree = "<group>"; fileEncoding = 4; lastKnownFileType = sourcecode.c.h; explicitFileType = undefined; includeInIndex = 0; };
		61F2B1A6C99146F88722FB38 /* MBLDataSample.h */ = {isa = PBXFileReference; name = "MBLDataSample.h"; path = "com.mbientlab.metawear/MBLDataSample.h"; sourceTree = "<group>"; fileEncoding = 4; lastKnownFileType = sourcecode.c.h; explicitFileType = undefined; includeInIndex = 0; };
		11C3C4D400E64E839174DB38 /* MBLEvent.h */ = {isa = PBXFileReference; name = "MBLEvent.h"; path = "com.mbientlab.metawear/MBLEvent.h"; sourceTree = "<group>"; fileEncoding = 4; lastKnownFileType = sourcecode.c.h; explicitFileType = undefined; includeInIndex = 0; };
		A8E2D2FE36B8497BB0BC7153 /* MBLRegister.h */ = {isa = PBXFileReference; name = "MBLRegister.h"; path = "com.mbientlab.metawear/MBLRegister.h"; sourceTree = "<group>"; fileEncoding = 4; lastKnownFileType = sourcecode.c.h; explicitFileType = undefined; includeInIndex = 0; };
		352642025B1C4FCF955A504B /* MBLModule.h */ = {isa = PBXFileReference; name = "MBLModule.h"; path = "com.mbientlab.metawear/MBLModule.h"; sourceTree = "<group>"; fileEncoding = 4; lastKnownFileType = sourcecode.c.h; explicitFileType = undefined; includeInIndex = 0; };
		628C77587B5E47D3A7AFE085 /* BFTask+MBLExtensions.h */ = {isa = PBXFileReference; name = "BFTask+MBLExtensions.h"; path = "com.mbientlab.metawear/BFTask+MBLExtensions.h"; sourceTree = "<group>"; fileEncoding = 4; lastKnownFileType = sourcecode.c.h; explicitFileType = undefined; includeInIndex = 0; };
		AB8C45E755D647169D6B23AE /* MBLLED.h */ = {isa = PBXFileReference; name = "MBLLED.h"; path = "com.mbientlab.metawear/MBLLED.h"; sourceTree = "<group>"; fileEncoding = 4; lastKnownFileType = sourcecode.c.h; explicitFileType = undefined; includeInIndex = 0; };
		1261867469FF4AA2B9E4BB2B /* Bolts.h */ = {isa = PBXFileReference; name = "Bolts.h"; path = "com.mbientlab.metawear/Bolts.h"; sourceTree = "<group>"; fileEncoding = 4; lastKnownFileType = sourcecode.c.h; explicitFileType = undefined; includeInIndex = 0; };
		18447424734745D381938AD9 /* BoltsVersion.h */ = {isa = PBXFileReference; name = "BoltsVersion.h"; path = "com.mbientlab.metawear/BoltsVersion.h"; sourceTree = "<group>"; fileEncoding = 4; lastKnownFileType = sourcecode.c.h; explicitFileType = undefined; includeInIndex = 0; };
		2F2B8A079A0B437BBCD0E0F1 /* BFCancellationToken.h */ = {isa = PBXFileReference; name = "BFCancellationToken.h"; path = "com.mbientlab.metawear/BFCancellationToken.h"; sourceTree = "<group>"; fileEncoding = 4; lastKnownFileType = sourcecode.c.h; explicitFileType = undefined; includeInIndex = 0; };
		254BFC79D41744C4AC68B5C1 /* BFCancellationTokenRegistration.h */ = {isa = PBXFileReference; name = "BFCancellationTokenRegistration.h"; path = "com.mbientlab.metawear/BFCancellationTokenRegistration.h"; sourceTree = "<group>"; fileEncoding = 4; lastKnownFileType = sourcecode.c.h; explicitFileType = undefined; includeInIndex = 0; };
		5C410CAF7EFB4C4F9C66EB55 /* BFCancellationTokenSource.h */ = {isa = PBXFileReference; name = "BFCancellationTokenSource.h"; path = "com.mbientlab.metawear/BFCancellationTokenSource.h"; sourceTree = "<group>"; fileEncoding = 4; lastKnownFileType = sourcecode.c.h; explicitFileType = undefined; includeInIndex = 0; };
		D4390C87D0064D9F971EADA2 /* BFExecutor.h */ = {isa = PBXFileReference; name = "BFExecutor.h"; path = "com.mbientlab.metawear/BFExecutor.h"; sourceTree = "<group>"; fileEncoding = 4; lastKnownFileType = sourcecode.c.h; explicitFileType = undefined; includeInIndex = 0; };
		596052A7A3F34BACA6295873 /* BFTask.h */ = {isa = PBXFileReference; name = "BFTask.h"; path = "com.mbientlab.metawear/BFTask.h"; sourceTree = "<group>"; fileEncoding = 4; lastKnownFileType = sourcecode.c.h; explicitFileType = undefined; includeInIndex = 0; };
		EDF8F77BF0914F97912113B9 /* BFTaskCompletionSource.h */ = {isa = PBXFileReference; name = "BFTaskCompletionSource.h"; path = "com.mbientlab.metawear/BFTaskCompletionSource.h"; sourceTree = "<group>"; fileEncoding = 4; lastKnownFileType = sourcecode.c.h; explicitFileType = undefined; includeInIndex = 0; };
		2FFE6DFDD7ED4A1C940830F4 /* MWDevice.h */ = {isa = PBXFileReference; name = "MWDevice.h"; path = "com.mbientlab.metawear/MWDevice.h"; sourceTree = "<group>"; fileEncoding = 4; lastKnownFileType = sourcecode.c.h; explicitFileType = undefined; includeInIndex = 0; };
		52611DACFAF94E5B977333C6 /* MWSupportedModules.h */ = {isa = PBXFileReference; name = "MWSupportedModules.h"; path = "com.mbientlab.metawear/MWSupportedModules.h"; sourceTree = "<group>"; fileEncoding = 4; lastKnownFileType = sourcecode.c.h; explicitFileType = undefined; includeInIndex = 0; };
		D161168135C642049425DB3A /* RSSI.h */ = {isa = PBXFileReference; name = "RSSI.h"; path = "com.mbientlab.metawear/RSSI.h"; sourceTree = "<group>"; fileEncoding = 4; lastKnownFileType = sourcecode.c.h; explicitFileType = undefined; includeInIndex = 0; };
		D0B8416F68B749099E82D428 /* LEDModule.h */ = {isa = PBXFileReference; name = "LEDModule.h"; path = "com.mbientlab.metawear/LEDModule.h"; sourceTree = "<group>"; fileEncoding = 4; lastKnownFileType = sourcecode.c.h; explicitFileType = undefined; includeInIndex = 0; };
		2AB45C1520F348DEB9D45361 /* BatteryLevel.h */ = {isa = PBXFileReference; name = "BatteryLevel.h"; path = "com.mbientlab.metawear/BatteryLevel.h"; sourceTree = "<group>"; fileEncoding = 4; lastKnownFileType = sourcecode.c.h; explicitFileType = undefined; includeInIndex = 0; };
		D31FC3F5AE3C455A82109F13 /* MWAccelerometer.h */ = {isa = PBXFileReference; name = "MWAccelerometer.h"; path = "com.mbientlab.metawear/MWAccelerometer.h"; sourceTree = "<group>"; fileEncoding = 4; lastKnownFileType = sourcecode.c.h; explicitFileType = undefined; includeInIndex = 0; };
		2726D334C702452392BDD478 /* MWMultiChannelTemperature.h */ = {isa = PBXFileReference; name = "MWMultiChannelTemperature.h"; path = "com.mbientlab.metawear/MWMultiChannelTemperature.h"; sourceTree = "<group>"; fileEncoding = 4; lastKnownFileType = sourcecode.c.h; explicitFileType = undefined; includeInIndex = 0; };
		CF1B1453CE0040298735589A /* StepCounter.h */ = {isa = PBXFileReference; name = "StepCounter.h"; path = "com.mbientlab.metawear/StepCounter.h"; sourceTree = "<group>"; fileEncoding = 4; lastKnownFileType = sourcecode.c.h; explicitFileType = undefined; includeInIndex = 0; };
		FDCF2BC3D34C43E39600D28F /* MWGyroscope.h */ = {isa = PBXFileReference; name = "MWGyroscope.h"; path = "com.mbientlab.metawear/MWGyroscope.h"; sourceTree = "<group>"; fileEncoding = 4; lastKnownFileType = sourcecode.c.h; explicitFileType = undefined; includeInIndex = 0; };
/* End PBXFileReference section */

/* Begin PBXFrameworksBuildPhase section */
		1D60588F0D05DD3D006BFB54 /* Frameworks */ = {
			isa = PBXFrameworksBuildPhase;
			buildActionMask = 2147483647;
			files = (
				301BF552109A68D80062928A /* libCordova.a in Frameworks */,
				7EE67BDC2C5D473A8090AEFF /* Foundation.framework in Frameworks */,
				73132048C3F24F5DB72AEA0B /* CoreData.framework in Frameworks */,
				9B7E90665584488484229EAA /* libMetawear-iOSAPI.a in Frameworks */,
			);
			runOnlyForDeploymentPostprocessing = 0;
		};
/* End PBXFrameworksBuildPhase section */

/* Begin PBXGroup section */
		080E96DDFE201D6D7F000001 /* Classes */ = {
			isa = PBXGroup;
			children = (
				302D95EE14D2391D003F00A1 /* MainViewController.h */,
				302D95EF14D2391D003F00A1 /* MainViewController.m */,
				302D95F014D2391D003F00A1 /* MainViewController.xib */,
				1D3623240D0F684500981E51 /* AppDelegate.h */,
				1D3623250D0F684500981E51 /* AppDelegate.m */,
			);
			name = Classes;
			path = "HelloCordova/Classes";
			sourceTree = SOURCE_ROOT;
		};
		19C28FACFE9D520D11CA2CBB /* Products */ = {
			isa = PBXGroup;
			children = (
				1D6058910D05DD3D006BFB54 /* HelloCordova.app */,
			);
			name = Products;
			sourceTree = "<group>";
		};
		29B97314FDCFA39411CA2CEA /* CustomTemplate */ = {
			isa = PBXGroup;
			children = (
				EB87FDF41871DAF40020F90C /* config.xml */,
				EB87FDF31871DA8E0020F90C /* www */,
				EB87FDF11871DA420020F90C /* Staging */,
				301BF52D109A57CC0062928A /* CordovaLib.xcodeproj */,
				080E96DDFE201D6D7F000001 /* Classes */,
				307C750510C5A3420062BCA9 /* Plugins */,
				29B97315FDCFA39411CA2CEA /* Other Sources */,
				29B97317FDCFA39411CA2CEA /* Resources */,
				29B97323FDCFA39411CA2CEA /* Frameworks */,
				19C28FACFE9D520D11CA2CBB /* Products */,
			);
			name = CustomTemplate;
			sourceTree = "<group>";
		};
		29B97315FDCFA39411CA2CEA /* Other Sources */ = {
			isa = PBXGroup;
			children = (
				32CA4F630368D1EE00C91783 /* HelloCordova-Prefix.pch */,
				29B97316FDCFA39411CA2CEA /* main.m */,
				ED33DF2A687741AEAF9F8254 /* Bridging-Header.h */,
			);
			name = "Other Sources";
			path = "HelloCordova";
			sourceTree = "<group>";
		};
		29B97317FDCFA39411CA2CEA /* Resources */ = {
			isa = PBXGroup;
			children = (
				0207DA571B56EA530066E2B4 /* Images.xcassets */,
				3047A50E1AB8057F00498E2A /* config */,
				8D1107310486CEB800E47090 /* HelloCordova-Info.plist */,
			);
			name = Resources;
			path = "HelloCordova/Resources";
			sourceTree = "<group>";
		};
		29B97323FDCFA39411CA2CEA /* Frameworks */ = {
			isa = PBXGroup;
			children = (
				0BD123FD384B4FC3AFBB376B /* Foundation.framework */,
				55BEB0E298E44A749A4DF967 /* CoreData.framework */,
				0CF52CF1B454441BBD795724 /* libMetawear-iOSAPI.a */,
			);
			name = Frameworks;
			sourceTree = "<group>";
		};
		301BF52E109A57CC0062928A /* Products */ = {
			isa = PBXGroup;
			children = (
				301BF535109A57CC0062928A /* libCordova.a */,
			);
			name = Products;
			sourceTree = "<group>";
		};
		3047A50E1AB8057F00498E2A /* config */ = {
			isa = PBXGroup;
			children = (
				3047A50F1AB8059700498E2A /* build-debug.xcconfig */,
				3047A5101AB8059700498E2A /* build-release.xcconfig */,
				3047A5111AB8059700498E2A /* build.xcconfig */,
			);
			name = config;
			sourceTree = "<group>";
		};
		307C750510C5A3420062BCA9 /* Plugins */ = {
			isa = PBXGroup;
			children = (
				724F69612C2247D9993CE4CA /* Bolts.m */,
				F340856B0F8D403E8B71DFA0 /* BFCancellationToken.m */,
				21E1AB85A5FE4A3385D72C87 /* BFCancellationTokenRegistration.m */,
				3C77C1C52A404AF288DFD9D0 /* BFCancellationTokenSource.m */,
				44A7484DF7EE485AAD5531F2 /* BFExecutor.m */,
				B6CC3CBC45D643708B053D46 /* BFTask.m */,
				0038BDB1565942118F81CC6D /* BFTaskCompletionSource.m */,
				148EF256B71F44158EEEB879 /* MWDevice.m */,
				5D46D1C994BF421EBDB23137 /* MWSupportedModules.m */,
				1470FA2C9CDB4F4A866BC29B /* RSSI.m */,
				ED8CA14144824BE8920BBBD7 /* LEDModule.m */,
				1ECFE1B3ED3F4106855C7A20 /* BatteryLevel.m */,
				A6CFA07763F341C0B4267DC4 /* MWAccelerometer.m */,
				662804AF7BEF4FC78E7B83A8 /* MWMultiChannelTemperature.m */,
				15E95519B4C34FBD9597389F /* StepCounter.m */,
				8FD2792341FE42358C1361E4 /* MWGyroscope.m */,
				FFBD6BE32EA04239971EE2D0 /* MBLConstants.h */,
				D70837FEC7BA434FB233ACEA /* MBLMetaWear.h */,
				707B5BA642714F50AA053526 /* MBLMetaWearManager.h */,
				395350FF97DE42C1A8AA490F /* MBLAccelerometer.h */,
				3FB5281BDCFD43ED84775660 /* MBLAccelerometerBMI160.h */,
				9666E1D01D224E8BBEB839C5 /* MBLAccelerometerBosch.h */,
				0D62AC4B4AA1429F8126E7AA /* bmi160.h */,
				E0F1D6365BB844E590B2EB72 /* MBLAccelerometerData.h */,
				A4D1F11D93DC4F4182C360F0 /* MBLGyro.h */,
				8700415ED49A41809C114EBE /* MBLGyroData.h */,
				99A54A9CE1104E5986804442 /* MBLOrientationData.h */,
				7BE190F2A20044F1819E41E4 /* MBLTemperature.h */,
				3BD7E54F93574BACB1EA1170 /* MBLExternalThermistor.h */,
				EFAC0AD3241C4D719529ABE6 /* MBLData.h */,
				9285A1F59A6F4FBB97835D43 /* MBLNumericData.h */,
				61F2B1A6C99146F88722FB38 /* MBLDataSample.h */,
				11C3C4D400E64E839174DB38 /* MBLEvent.h */,
				A8E2D2FE36B8497BB0BC7153 /* MBLRegister.h */,
				352642025B1C4FCF955A504B /* MBLModule.h */,
				628C77587B5E47D3A7AFE085 /* BFTask+MBLExtensions.h */,
				AB8C45E755D647169D6B23AE /* MBLLED.h */,
				1261867469FF4AA2B9E4BB2B /* Bolts.h */,
				18447424734745D381938AD9 /* BoltsVersion.h */,
				2F2B8A079A0B437BBCD0E0F1 /* BFCancellationToken.h */,
				254BFC79D41744C4AC68B5C1 /* BFCancellationTokenRegistration.h */,
				5C410CAF7EFB4C4F9C66EB55 /* BFCancellationTokenSource.h */,
				D4390C87D0064D9F971EADA2 /* BFExecutor.h */,
				596052A7A3F34BACA6295873 /* BFTask.h */,
				EDF8F77BF0914F97912113B9 /* BFTaskCompletionSource.h */,
				2FFE6DFDD7ED4A1C940830F4 /* MWDevice.h */,
				52611DACFAF94E5B977333C6 /* MWSupportedModules.h */,
				D161168135C642049425DB3A /* RSSI.h */,
				D0B8416F68B749099E82D428 /* LEDModule.h */,
				2AB45C1520F348DEB9D45361 /* BatteryLevel.h */,
				D31FC3F5AE3C455A82109F13 /* MWAccelerometer.h */,
				2726D334C702452392BDD478 /* MWMultiChannelTemperature.h */,
				CF1B1453CE0040298735589A /* StepCounter.h */,
				FDCF2BC3D34C43E39600D28F /* MWGyroscope.h */,
			);
			name = Plugins;
			path = "HelloCordova/Plugins";
			sourceTree = SOURCE_ROOT;
		};
		EB87FDF11871DA420020F90C /* Staging */ = {
			isa = PBXGroup;
			children = (
				F840E1F0165FE0F500CFE078 /* config.xml */,
				301BF56E109A69640062928A /* www */,
			);
			name = Staging;
			sourceTree = "<group>";
		};
/* End PBXGroup section */

/* Begin PBXNativeTarget section */
		1D6058900D05DD3D006BFB54 /* HelloCordova */ = {
			isa = PBXNativeTarget;
			buildConfigurationList = 1D6058960D05DD3E006BFB54 /* Build configuration list for PBXNativeTarget "HelloCordova" */;
			buildPhases = (
				304B58A110DAC018002A0835 /* Copy www directory */,
				1D60588D0D05DD3D006BFB54 /* Resources */,
				1D60588E0D05DD3D006BFB54 /* Sources */,
				1D60588F0D05DD3D006BFB54 /* Frameworks */,
			);
			buildRules = (
			);
			dependencies = (
				301BF551109A68C00062928A /* PBXTargetDependency */,
			);
			name = "HelloCordova";
			productName = "HelloCordova";
			productReference = 1D6058910D05DD3D006BFB54 /* HelloCordova.app */;
			productType = "com.apple.product-type.application";
		};
/* End PBXNativeTarget section */

/* Begin PBXProject section */
		29B97313FDCFA39411CA2CEA /* Project object */ = {
			isa = PBXProject;
			attributes = {
				LastUpgradeCheck = 510;
			};
			buildConfigurationList = C01FCF4E08A954540054247B /* Build configuration list for PBXProject "__NON-CLI__" */;
			compatibilityVersion = "Xcode 3.2";
			developmentRegion = English;
			hasScannedForEncodings = 1;
			mainGroup = 29B97314FDCFA39411CA2CEA /* CustomTemplate */;
			projectDirPath = "";
			projectReferences = (
				{
					ProductGroup = 301BF52E109A57CC0062928A /* Products */;
					ProjectRef = 301BF52D109A57CC0062928A /* CordovaLib.xcodeproj */;
				},
			);
			projectRoot = "";
			targets = (
				1D6058900D05DD3D006BFB54 /* HelloCordova */,
			);
		};
/* End PBXProject section */

/* Begin PBXReferenceProxy section */
		301BF535109A57CC0062928A /* libCordova.a */ = {
			isa = PBXReferenceProxy;
			fileType = archive.ar;
			path = libCordova.a;
			remoteRef = 301BF534109A57CC0062928A /* PBXContainerItemProxy */;
			sourceTree = BUILT_PRODUCTS_DIR;
		};
/* End PBXReferenceProxy section */

/* Begin PBXResourcesBuildPhase section */
		1D60588D0D05DD3D006BFB54 /* Resources */ = {
			isa = PBXResourcesBuildPhase;
			buildActionMask = 2147483647;
			files = (
				302D95F214D2391D003F00A1 /* MainViewController.xib in Resources */,
				3047A5131AB8059700498E2A /* build-release.xcconfig in Resources */,
				3047A5141AB8059700498E2A /* build.xcconfig in Resources */,
				0207DA581B56EA530066E2B4 /* Images.xcassets in Resources */,
				3047A5121AB8059700498E2A /* build-debug.xcconfig in Resources */,
			);
			runOnlyForDeploymentPostprocessing = 0;
		};
/* End PBXResourcesBuildPhase section */

/* Begin PBXShellScriptBuildPhase section */
		304B58A110DAC018002A0835 /* Copy www directory */ = {
			isa = PBXShellScriptBuildPhase;
			buildActionMask = 2147483647;
			files = (
			);
			inputPaths = (
			);
			name = "Copy www directory";
			outputPaths = (
			);
			runOnlyForDeploymentPostprocessing = 0;
			shellPath = /bin/sh;
			shellScript = "NODEJS_PATH=/usr/local/bin; NVM_NODE_PATH=~/.nvm/versions/node/`nvm version 2>/dev/null`/bin; N_NODE_PATH=`find /usr/local/n/versions/node/* -maxdepth 0 -type d 2>/dev/null | tail -1`/bin; XCODE_NODE_PATH=`xcode-select --print-path`/usr/share/xcs/Node/bin; PATH=$NODEJS_PATH:$NVM_NODE_PATH:$N_NODE_PATH:$XCODE_NODE_PATH:$PATH && node cordova/lib/copy-www-build-step.js";
			showEnvVarsInLog = 0;
		};
/* End PBXShellScriptBuildPhase section */

/* Begin PBXSourcesBuildPhase section */
		1D60588E0D05DD3D006BFB54 /* Sources */ = {
			isa = PBXSourcesBuildPhase;
			buildActionMask = 2147483647;
			files = (
				1D60589B0D05DD56006BFB54 /* main.m in Sources */,
				1D3623260D0F684500981E51 /* AppDelegate.m in Sources */,
				302D95F114D2391D003F00A1 /* MainViewController.m in Sources */,
				EC37422952C24567927028E5 /* Bolts.m in Sources */,
				AED17E66A7D34659941EB7F5 /* BFCancellationToken.m in Sources */,
				BDD7CC45613B4794AFFA8741 /* BFCancellationTokenRegistration.m in Sources */,
				A02F8956977E4D14B8165678 /* BFCancellationTokenSource.m in Sources */,
				2DB0BBB65EE748308E415D28 /* BFExecutor.m in Sources */,
				0E7516651C9A445BAF1A8B6C /* BFTask.m in Sources */,
				809D906327194D27B0D86E1F /* BFTaskCompletionSource.m in Sources */,
				91745213DF544DDDB99B96F7 /* MWDevice.m in Sources */,
				16F1641F3D9248FE805F6A58 /* MWSupportedModules.m in Sources */,
				2D90B3320B7346259F5B0214 /* RSSI.m in Sources */,
				B66840A3C4C04F8A840F99DF /* LEDModule.m in Sources */,
				86C6BF6F21B142C68D516E32 /* BatteryLevel.m in Sources */,
				2BBA11E0C7CB4E20A80AC75A /* MWAccelerometer.m in Sources */,
				1CFC07A105F349F59210BE7E /* MWMultiChannelTemperature.m in Sources */,
				BB2DC3EA8FA749029FF3211E /* StepCounter.m in Sources */,
				3BF075EF54784CC08CBC7D21 /* MWGyroscope.m in Sources */,
			);
			runOnlyForDeploymentPostprocessing = 0;
		};
/* End PBXSourcesBuildPhase section */

/* Begin PBXTargetDependency section */
		301BF551109A68C00062928A /* PBXTargetDependency */ = {
			isa = PBXTargetDependency;
			name = CordovaLib;
			targetProxy = 301BF550109A68C00062928A /* PBXContainerItemProxy */;
		};
/* End PBXTargetDependency section */

/* Begin XCBuildConfiguration section */
		1D6058940D05DD3E006BFB54 /* Debug */ = {
			isa = XCBuildConfiguration;
			baseConfigurationReference = 3047A50F1AB8059700498E2A /* build-debug.xcconfig */;
			buildSettings = {
				ALWAYS_SEARCH_USER_PATHS = NO;
				ASSETCATALOG_COMPILER_APPICON_NAME = AppIcon;
				ASSETCATALOG_COMPILER_LAUNCHIMAGE_NAME = LaunchImage;
				CLANG_ENABLE_MODULES = YES;
				CLANG_ENABLE_OBJC_ARC = YES;
				COPY_PHASE_STRIP = NO;
				GCC_DYNAMIC_NO_PIC = NO;
				GCC_OPTIMIZATION_LEVEL = 0;
				GCC_PRECOMPILE_PREFIX_HEADER = YES;
				GCC_PREFIX_HEADER = "HelloCordova/HelloCordova-Prefix.pch";
				GCC_THUMB_SUPPORT = NO;
				GCC_VERSION = "";
				INFOPLIST_FILE = "HelloCordova/HelloCordova-Info.plist";
				LD_RUNPATH_SEARCH_PATHS = "@executable_path/Frameworks";
				PRODUCT_NAME = "HelloCordova";
				LIBRARY_SEARCH_PATHS = (
					"$(inherited)",
					"\"$(SRCROOT)/HelloCordova/Plugins/com.mbientlab.metawear\"",
				);
			};
			name = Debug;
		};
		1D6058950D05DD3E006BFB54 /* Release */ = {
			isa = XCBuildConfiguration;
			baseConfigurationReference = 3047A5101AB8059700498E2A /* build-release.xcconfig */;
			buildSettings = {
				ALWAYS_SEARCH_USER_PATHS = NO;
				ASSETCATALOG_COMPILER_APPICON_NAME = AppIcon;
				ASSETCATALOG_COMPILER_LAUNCHIMAGE_NAME = LaunchImage;
				CLANG_ENABLE_MODULES = YES;
				CLANG_ENABLE_OBJC_ARC = YES;
				COPY_PHASE_STRIP = YES;
				GCC_PRECOMPILE_PREFIX_HEADER = YES;
				GCC_PREFIX_HEADER = "HelloCordova/HelloCordova-Prefix.pch";
				GCC_THUMB_SUPPORT = NO;
				GCC_VERSION = "";
				INFOPLIST_FILE = "HelloCordova/HelloCordova-Info.plist";
				PRODUCT_NAME = "HelloCordova";
				LIBRARY_SEARCH_PATHS = (
					"$(inherited)",
					"\"$(SRCROOT)/HelloCordova/Plugins/com.mbientlab.metawear\"",
				);
			};
			name = Release;
		};
		C01FCF4F08A954540054247B /* Debug */ = {
			isa = XCBuildConfiguration;
			baseConfigurationReference = 3047A5111AB8059700498E2A /* build.xcconfig */;
			buildSettings = {
				CLANG_ENABLE_MODULES = YES;
				CLANG_ENABLE_OBJC_ARC = YES;
				CLANG_WARN_BOOL_CONVERSION = YES;
				CLANG_WARN_CONSTANT_CONVERSION = YES;
				CLANG_WARN_EMPTY_BODY = YES;
				CLANG_WARN_ENUM_CONVERSION = YES;
				CLANG_WARN_INT_CONVERSION = YES;
				CLANG_WARN__DUPLICATE_METHOD_MATCH = YES;
				GCC_C_LANGUAGE_STANDARD = c99;
				GCC_THUMB_SUPPORT = NO;
				GCC_VERSION = "";
				GCC_WARN_ABOUT_RETURN_TYPE = YES;
				GCC_WARN_UNDECLARED_SELECTOR = YES;
				GCC_WARN_UNINITIALIZED_AUTOS = YES;
				GCC_WARN_UNUSED_FUNCTION = YES;
				GCC_WARN_UNUSED_VARIABLE = YES;
				ONLY_ACTIVE_ARCH = YES;
				SDKROOT = iphoneos;
				SKIP_INSTALL = NO;
			};
			name = Debug;
		};
		C01FCF5008A954540054247B /* Release */ = {
			isa = XCBuildConfiguration;
			baseConfigurationReference = 3047A5111AB8059700498E2A /* build.xcconfig */;
			buildSettings = {
				CLANG_ENABLE_MODULES = YES;
				CLANG_ENABLE_OBJC_ARC = YES;
				CLANG_WARN_BOOL_CONVERSION = YES;
				CLANG_WARN_CONSTANT_CONVERSION = YES;
				CLANG_WARN_EMPTY_BODY = YES;
				CLANG_WARN_ENUM_CONVERSION = YES;
				CLANG_WARN_INT_CONVERSION = YES;
				CLANG_WARN__DUPLICATE_METHOD_MATCH = YES;
				GCC_C_LANGUAGE_STANDARD = c99;
				GCC_THUMB_SUPPORT = NO;
				GCC_VERSION = "";
				GCC_WARN_ABOUT_RETURN_TYPE = YES;
				GCC_WARN_UNDECLARED_SELECTOR = YES;
				GCC_WARN_UNINITIALIZED_AUTOS = YES;
				GCC_WARN_UNUSED_FUNCTION = YES;
				GCC_WARN_UNUSED_VARIABLE = YES;
				SDKROOT = iphoneos;
				SKIP_INSTALL = NO;
			};
			name = Release;
		};
/* End XCBuildConfiguration section */

/* Begin XCConfigurationList section */
		1D6058960D05DD3E006BFB54 /* Build configuration list for PBXNativeTarget "HelloCordova" */ = {
			isa = XCConfigurationList;
			buildConfigurations = (
				1D6058940D05DD3E006BFB54 /* Debug */,
				1D6058950D05DD3E006BFB54 /* Release */,
			);
			defaultConfigurationIsVisible = 0;
			defaultConfigurationName = Release;
		};
		C01FCF4E08A954540054247B /* Build configuration list for PBXProject "__NON-CLI__" */ = {
			isa = XCConfigurationList;
			buildConfigurations = (
				C01FCF4F08A954540054247B /* Debug */,
				C01FCF5008A954540054247B /* Release */,
			);
			defaultConfigurationIsVisible = 0;
			defaultConfigurationName = Release;
		};
/* End XCConfigurationList section */
	};
	rootObject = 29B97313FDCFA39411CA2CEA /* Project object */;
}
