// !$*UTF8*$!
{
	archiveVersion = 1;
	classes = {
	};
	objectVersion = 46;
	objects = {
/* Begin PBXBuildFile section */
		0207DA581B56EA530066E2B4 /* Images.xcassets in Resources */ = {isa = PBXBuildFile; fileRef = 0207DA571B56EA530066E2B4 /* Images.xcassets */; };
		1D3623260D0F684500981E51 /* AppDelegate.m in Sources */ = {isa = PBXBuildFile; fileRef = 1D3623250D0F684500981E51 /* AppDelegate.m */; };
		1D60589B0D05DD56006BFB54 /* main.m in Sources */ = {isa = PBXBuildFile; fileRef = 29B97316FDCFA39411CA2CEA /* main.m */; };
		301BF552109A68D80062928A /* libCordova.a in Frameworks */ = {isa = PBXBuildFile; fileRef = 301BF535109A57CC0062928A /* libCordova.a */; };
		302D95F114D2391D003F00A1 /* MainViewController.m in Sources */ = {isa = PBXBuildFile; fileRef = 302D95EF14D2391D003F00A1 /* MainViewController.m */; };
		302D95F214D2391D003F00A1 /* MainViewController.xib in Resources */ = {isa = PBXBuildFile; fileRef = 302D95F014D2391D003F00A1 /* MainViewController.xib */; };
		3047A5121AB8059700498E2A /* build-debug.xcconfig in Resources */ = {isa = PBXBuildFile; fileRef = 3047A50F1AB8059700498E2A /* build-debug.xcconfig */; };
		3047A5131AB8059700498E2A /* build-release.xcconfig in Resources */ = {isa = PBXBuildFile; fileRef = 3047A5101AB8059700498E2A /* build-release.xcconfig */; };
		3047A5141AB8059700498E2A /* build.xcconfig in Resources */ = {isa = PBXBuildFile; fileRef = 3047A5111AB8059700498E2A /* build.xcconfig */; };
		7EE67BDC2C5D473A8090AEFF /* Foundation.framework in Frameworks */ = {isa = PBXBuildFile; fileRef = 0BD123FD384B4FC3AFBB376B /* Foundation.framework */; };
		73132048C3F24F5DB72AEA0B /* CoreData.framework in Frameworks */ = {isa = PBXBuildFile; fileRef = 55BEB0E298E44A749A4DF967 /* CoreData.framework */; };
		D5CCEE38820B4FB2B9D450C4 /* libMetawear-iOSAPI.a in Frameworks */ = {isa = PBXBuildFile; fileRef = 7265E85ECCF9451780356FF8 /* libMetawear-iOSAPI.a */; };
		01ECB8B650794107B8754A1D /* Bolts.m in Sources */ = {isa = PBXBuildFile; fileRef = 6D95AD21E5DB4DC68F7C71D4 /* Bolts.m */; };
		03286657152F42E59B7767D2 /* BFCancellationToken.m in Sources */ = {isa = PBXBuildFile; fileRef = C4131B97791E43F3856457EE /* BFCancellationToken.m */; };
		373A47BA31934F6E9B50C53B /* BFCancellationTokenRegistration.m in Sources */ = {isa = PBXBuildFile; fileRef = 64943CB72B854178B5C9162E /* BFCancellationTokenRegistration.m */; };
		EFE7E74900924E79864AC23A /* BFCancellationTokenSource.m in Sources */ = {isa = PBXBuildFile; fileRef = D915B5B4FFFA45AAAD99B1E0 /* BFCancellationTokenSource.m */; };
		CA1FC8B19AF24672A253A234 /* BFExecutor.m in Sources */ = {isa = PBXBuildFile; fileRef = 9910C9DFC2BC4758B3B03F4F /* BFExecutor.m */; };
		A43960D7EA984B56879791E7 /* BFTask.m in Sources */ = {isa = PBXBuildFile; fileRef = 45644AB9D91942368704E4F7 /* BFTask.m */; };
		85744FCCD874498A87122E30 /* BFTaskCompletionSource.m in Sources */ = {isa = PBXBuildFile; fileRef = 9266B0BE474D4847ACF315C5 /* BFTaskCompletionSource.m */; };
		F234FDD727CA4AD3BAD5DC75 /* MWDevice.m in Sources */ = {isa = PBXBuildFile; fileRef = C4010829487E413387332835 /* MWDevice.m */; };
		66433C2D2823442792E054B8 /* MWSupportedModules.m in Sources */ = {isa = PBXBuildFile; fileRef = CCA205FE8F944486BA02B1B1 /* MWSupportedModules.m */; };
		AB2674D3BD4643419667118B /* RSSI.m in Sources */ = {isa = PBXBuildFile; fileRef = 132D22864DE348E6BCCCCD71 /* RSSI.m */; };
		73A3758D200E41B59528C314 /* LEDModule.m in Sources */ = {isa = PBXBuildFile; fileRef = 5192A3CB6DE34C73869E1A27 /* LEDModule.m */; };
		4C33EBAAAC804F33AB31DAAD /* BatteryLevel.m in Sources */ = {isa = PBXBuildFile; fileRef = E2E16DF1BE334D14B78FF579 /* BatteryLevel.m */; };
		10BDAA7281884BE69FF6ACBD /* MWAccelerometer.m in Sources */ = {isa = PBXBuildFile; fileRef = 0282980743944BBEB191DC57 /* MWAccelerometer.m */; };
		3B0FE3ECA77343E3BD057579 /* MWMultiChannelTemperature.m in Sources */ = {isa = PBXBuildFile; fileRef = 3CB1EC4CD5D44C30B7B84DDF /* MWMultiChannelTemperature.m */; };
		F4340E5FB6B64A14A9DDA114 /* StepCounter.m in Sources */ = {isa = PBXBuildFile; fileRef = 7D4222CEC80E46AF9D3EBA4B /* StepCounter.m */; };
		045C30A355C5488299420792 /* MWGyroscope.m in Sources */ = {isa = PBXBuildFile; fileRef = 97AB94C600D044C1AD68A509 /* MWGyroscope.m */; };
/* End PBXBuildFile section */

/* Begin PBXContainerItemProxy section */
		301BF534109A57CC0062928A /* PBXContainerItemProxy */ = {
			isa = PBXContainerItemProxy;
			containerPortal = 301BF52D109A57CC0062928A /* CordovaLib.xcodeproj */;
			proxyType = 2;
			remoteGlobalIDString = D2AAC07E0554694100DB518D;
			remoteInfo = CordovaLib;
		};
		301BF550109A68C00062928A /* PBXContainerItemProxy */ = {
			isa = PBXContainerItemProxy;
			containerPortal = 301BF52D109A57CC0062928A /* CordovaLib.xcodeproj */;
			proxyType = 1;
			remoteGlobalIDString = D2AAC07D0554694100DB518D;
			remoteInfo = CordovaLib;
		};
/* End PBXContainerItemProxy section */

/* Begin PBXFileReference section */
		0207DA571B56EA530066E2B4 /* Images.xcassets */ = {isa = PBXFileReference; lastKnownFileType = folder.assetcatalog; name = Images.xcassets; path = "HelloCordova/Images.xcassets"; sourceTree = SOURCE_ROOT; };
		1D3623240D0F684500981E51 /* AppDelegate.h */ = {isa = PBXFileReference; fileEncoding = 4; lastKnownFileType = sourcecode.c.h; path = AppDelegate.h; sourceTree = "<group>"; };
		1D3623250D0F684500981E51 /* AppDelegate.m */ = {isa = PBXFileReference; fileEncoding = 4; lastKnownFileType = sourcecode.c.objc; path = AppDelegate.m; sourceTree = "<group>"; };
		1D6058910D05DD3D006BFB54 /* HelloCordova.app */ = {isa = PBXFileReference; explicitFileType = wrapper.application; includeInIndex = 0; path = "HelloCordova.app"; sourceTree = BUILT_PRODUCTS_DIR; };
		29B97316FDCFA39411CA2CEA /* main.m */ = {isa = PBXFileReference; fileEncoding = 4; lastKnownFileType = sourcecode.c.objc; path = main.m; sourceTree = "<group>"; };
		301BF52D109A57CC0062928A /* CordovaLib.xcodeproj */ = {isa = PBXFileReference; lastKnownFileType = "wrapper.pb-project"; name = CordovaLib.xcodeproj; path = CordovaLib/CordovaLib.xcodeproj; sourceTree = "<group>"; };
		301BF56E109A69640062928A /* www */ = {isa = PBXFileReference; lastKnownFileType = folder; path = www; sourceTree = SOURCE_ROOT; };
		302D95EE14D2391D003F00A1 /* MainViewController.h */ = {isa = PBXFileReference; fileEncoding = 4; lastKnownFileType = sourcecode.c.h; path = MainViewController.h; sourceTree = "<group>"; };
		302D95EF14D2391D003F00A1 /* MainViewController.m */ = {isa = PBXFileReference; fileEncoding = 4; lastKnownFileType = sourcecode.c.objc; path = MainViewController.m; sourceTree = "<group>"; };
		302D95F014D2391D003F00A1 /* MainViewController.xib */ = {isa = PBXFileReference; fileEncoding = 4; lastKnownFileType = file.xib; path = MainViewController.xib; sourceTree = "<group>"; };
		3047A50F1AB8059700498E2A /* build-debug.xcconfig */ = {isa = PBXFileReference; fileEncoding = 4; lastKnownFileType = text.xcconfig; name = "build-debug.xcconfig"; path = cordova/build-debug.xcconfig; sourceTree = SOURCE_ROOT; };
		3047A5101AB8059700498E2A /* build-release.xcconfig */ = {isa = PBXFileReference; fileEncoding = 4; lastKnownFileType = text.xcconfig; name = "build-release.xcconfig"; path = cordova/build-release.xcconfig; sourceTree = SOURCE_ROOT; };
		3047A5111AB8059700498E2A /* build.xcconfig */ = {isa = PBXFileReference; fileEncoding = 4; lastKnownFileType = text.xcconfig; name = build.xcconfig; path = cordova/build.xcconfig; sourceTree = SOURCE_ROOT; };
		32CA4F630368D1EE00C91783 /* HelloCordova-Prefix.pch */ = {isa = PBXFileReference; fileEncoding = 4; lastKnownFileType = sourcecode.c.h; path = "HelloCordova-Prefix.pch"; sourceTree = "<group>"; };
		8D1107310486CEB800E47090 /* HelloCordova-Info.plist */ = {isa = PBXFileReference; fileEncoding = 4; lastKnownFileType = text.plist.xml; name = "HelloCordova-Info.plist"; path = "HelloCordova/HelloCordova-Info.plist"; plistStructureDefinitionIdentifier = "com.apple.xcode.plist.structure-definition.iphone.info-plist"; sourceTree = SOURCE_ROOT; };
		EB87FDF31871DA8E0020F90C /* www */ = {isa = PBXFileReference; lastKnownFileType = folder; name = www; path = ../../www; sourceTree = "<group>"; };
		EB87FDF41871DAF40020F90C /* config.xml */ = {isa = PBXFileReference; lastKnownFileType = text.xml; name = config.xml; path = ../../config.xml; sourceTree = "<group>"; };
		F840E1F0165FE0F500CFE078 /* config.xml */ = {isa = PBXFileReference; lastKnownFileType = text.xml; name = config.xml; path = "HelloCordova/config.xml"; sourceTree = "<group>"; };
		ED33DF2A687741AEAF9F8254 /* Bridging-Header.h */ = {isa = PBXFileReference; fileEncoding = 4; lastKnownFileType = sourcecode.c.h; name = "Bridging-Header.h"; path = "Bridging-Header.h"; sourceTree = "<group>"; };
		0BD123FD384B4FC3AFBB376B /* Foundation.framework */ = {isa = PBXFileReference; name = "Foundation.framework"; path = "System/Library/Frameworks/Foundation.framework"; sourceTree = SDKROOT; fileEncoding = undefined; lastKnownFileType = wrapper.framework; explicitFileType = undefined; includeInIndex = 0; };
		55BEB0E298E44A749A4DF967 /* CoreData.framework */ = {isa = PBXFileReference; name = "CoreData.framework"; path = "System/Library/Frameworks/CoreData.framework"; sourceTree = SDKROOT; fileEncoding = undefined; lastKnownFileType = wrapper.framework; explicitFileType = undefined; includeInIndex = 0; };
		7265E85ECCF9451780356FF8 /* libMetawear-iOSAPI.a */ = {isa = PBXFileReference; name = "libMetawear-iOSAPI.a"; path = "HelloCordova/Plugins/com.mbientlab.metawear/libMetawear-iOSAPI.a"; sourceTree = "<group>"; fileEncoding = undefined; lastKnownFileType = archive.ar; explicitFileType = undefined; includeInIndex = 0; };
		6D95AD21E5DB4DC68F7C71D4 /* Bolts.m */ = {isa = PBXFileReference; name = "Bolts.m"; path = "com.mbientlab.metawear/Bolts.m"; sourceTree = "<group>"; fileEncoding = 4; lastKnownFileType = sourcecode.c.objc; explicitFileType = undefined; includeInIndex = 0; };
		C4131B97791E43F3856457EE /* BFCancellationToken.m */ = {isa = PBXFileReference; name = "BFCancellationToken.m"; path = "com.mbientlab.metawear/BFCancellationToken.m"; sourceTree = "<group>"; fileEncoding = 4; lastKnownFileType = sourcecode.c.objc; explicitFileType = undefined; includeInIndex = 0; };
		64943CB72B854178B5C9162E /* BFCancellationTokenRegistration.m */ = {isa = PBXFileReference; name = "BFCancellationTokenRegistration.m"; path = "com.mbientlab.metawear/BFCancellationTokenRegistration.m"; sourceTree = "<group>"; fileEncoding = 4; lastKnownFileType = sourcecode.c.objc; explicitFileType = undefined; includeInIndex = 0; };
		D915B5B4FFFA45AAAD99B1E0 /* BFCancellationTokenSource.m */ = {isa = PBXFileReference; name = "BFCancellationTokenSource.m"; path = "com.mbientlab.metawear/BFCancellationTokenSource.m"; sourceTree = "<group>"; fileEncoding = 4; lastKnownFileType = sourcecode.c.objc; explicitFileType = undefined; includeInIndex = 0; };
		9910C9DFC2BC4758B3B03F4F /* BFExecutor.m */ = {isa = PBXFileReference; name = "BFExecutor.m"; path = "com.mbientlab.metawear/BFExecutor.m"; sourceTree = "<group>"; fileEncoding = 4; lastKnownFileType = sourcecode.c.objc; explicitFileType = undefined; includeInIndex = 0; };
		45644AB9D91942368704E4F7 /* BFTask.m */ = {isa = PBXFileReference; name = "BFTask.m"; path = "com.mbientlab.metawear/BFTask.m"; sourceTree = "<group>"; fileEncoding = 4; lastKnownFileType = sourcecode.c.objc; explicitFileType = undefined; includeInIndex = 0; };
		9266B0BE474D4847ACF315C5 /* BFTaskCompletionSource.m */ = {isa = PBXFileReference; name = "BFTaskCompletionSource.m"; path = "com.mbientlab.metawear/BFTaskCompletionSource.m"; sourceTree = "<group>"; fileEncoding = 4; lastKnownFileType = sourcecode.c.objc; explicitFileType = undefined; includeInIndex = 0; };
		C4010829487E413387332835 /* MWDevice.m */ = {isa = PBXFileReference; name = "MWDevice.m"; path = "com.mbientlab.metawear/MWDevice.m"; sourceTree = "<group>"; fileEncoding = 4; lastKnownFileType = sourcecode.c.objc; explicitFileType = undefined; includeInIndex = 0; };
		CCA205FE8F944486BA02B1B1 /* MWSupportedModules.m */ = {isa = PBXFileReference; name = "MWSupportedModules.m"; path = "com.mbientlab.metawear/MWSupportedModules.m"; sourceTree = "<group>"; fileEncoding = 4; lastKnownFileType = sourcecode.c.objc; explicitFileType = undefined; includeInIndex = 0; };
		132D22864DE348E6BCCCCD71 /* RSSI.m */ = {isa = PBXFileReference; name = "RSSI.m"; path = "com.mbientlab.metawear/RSSI.m"; sourceTree = "<group>"; fileEncoding = 4; lastKnownFileType = sourcecode.c.objc; explicitFileType = undefined; includeInIndex = 0; };
		5192A3CB6DE34C73869E1A27 /* LEDModule.m */ = {isa = PBXFileReference; name = "LEDModule.m"; path = "com.mbientlab.metawear/LEDModule.m"; sourceTree = "<group>"; fileEncoding = 4; lastKnownFileType = sourcecode.c.objc; explicitFileType = undefined; includeInIndex = 0; };
		E2E16DF1BE334D14B78FF579 /* BatteryLevel.m */ = {isa = PBXFileReference; name = "BatteryLevel.m"; path = "com.mbientlab.metawear/BatteryLevel.m"; sourceTree = "<group>"; fileEncoding = 4; lastKnownFileType = sourcecode.c.objc; explicitFileType = undefined; includeInIndex = 0; };
		0282980743944BBEB191DC57 /* MWAccelerometer.m */ = {isa = PBXFileReference; name = "MWAccelerometer.m"; path = "com.mbientlab.metawear/MWAccelerometer.m"; sourceTree = "<group>"; fileEncoding = 4; lastKnownFileType = sourcecode.c.objc; explicitFileType = undefined; includeInIndex = 0; };
		3CB1EC4CD5D44C30B7B84DDF /* MWMultiChannelTemperature.m */ = {isa = PBXFileReference; name = "MWMultiChannelTemperature.m"; path = "com.mbientlab.metawear/MWMultiChannelTemperature.m"; sourceTree = "<group>"; fileEncoding = 4; lastKnownFileType = sourcecode.c.objc; explicitFileType = undefined; includeInIndex = 0; };
		7D4222CEC80E46AF9D3EBA4B /* StepCounter.m */ = {isa = PBXFileReference; name = "StepCounter.m"; path = "com.mbientlab.metawear/StepCounter.m"; sourceTree = "<group>"; fileEncoding = 4; lastKnownFileType = sourcecode.c.objc; explicitFileType = undefined; includeInIndex = 0; };
		97AB94C600D044C1AD68A509 /* MWGyroscope.m */ = {isa = PBXFileReference; name = "MWGyroscope.m"; path = "com.mbientlab.metawear/MWGyroscope.m"; sourceTree = "<group>"; fileEncoding = 4; lastKnownFileType = sourcecode.c.objc; explicitFileType = undefined; includeInIndex = 0; };
		0F7A0DF98A0B4720B1F5BF45 /* MBLConstants.h */ = {isa = PBXFileReference; name = "MBLConstants.h"; path = "com.mbientlab.metawear/MBLConstants.h"; sourceTree = "<group>"; fileEncoding = 4; lastKnownFileType = sourcecode.c.h; explicitFileType = undefined; includeInIndex = 0; };
		11CA0C5028E444EC98491D70 /* MBLMetaWear.h */ = {isa = PBXFileReference; name = "MBLMetaWear.h"; path = "com.mbientlab.metawear/MBLMetaWear.h"; sourceTree = "<group>"; fileEncoding = 4; lastKnownFileType = sourcecode.c.h; explicitFileType = undefined; includeInIndex = 0; };
		6F5E24A3946D4A059E5C082A /* MBLMetaWearManager.h */ = {isa = PBXFileReference; name = "MBLMetaWearManager.h"; path = "com.mbientlab.metawear/MBLMetaWearManager.h"; sourceTree = "<group>"; fileEncoding = 4; lastKnownFileType = sourcecode.c.h; explicitFileType = undefined; includeInIndex = 0; };
		A9F95502125D435A98D56134 /* MBLAccelerometer.h */ = {isa = PBXFileReference; name = "MBLAccelerometer.h"; path = "com.mbientlab.metawear/MBLAccelerometer.h"; sourceTree = "<group>"; fileEncoding = 4; lastKnownFileType = sourcecode.c.h; explicitFileType = undefined; includeInIndex = 0; };
		DA82454190C14467BD7A3C58 /* MBLAccelerometerBMI160.h */ = {isa = PBXFileReference; name = "MBLAccelerometerBMI160.h"; path = "com.mbientlab.metawear/MBLAccelerometerBMI160.h"; sourceTree = "<group>"; fileEncoding = 4; lastKnownFileType = sourcecode.c.h; explicitFileType = undefined; includeInIndex = 0; };
		393F39C2420044C6A44D21BF /* MBLAccelerometerBosch.h */ = {isa = PBXFileReference; name = "MBLAccelerometerBosch.h"; path = "com.mbientlab.metawear/MBLAccelerometerBosch.h"; sourceTree = "<group>"; fileEncoding = 4; lastKnownFileType = sourcecode.c.h; explicitFileType = undefined; includeInIndex = 0; };
		E1ABEA9F6CCE42E28870F357 /* bmi160.h */ = {isa = PBXFileReference; name = "bmi160.h"; path = "com.mbientlab.metawear/bmi160.h"; sourceTree = "<group>"; fileEncoding = 4; lastKnownFileType = sourcecode.c.h; explicitFileType = undefined; includeInIndex = 0; };
		7E147AA30E4F4348913F4214 /* MBLAccelerometerData.h */ = {isa = PBXFileReference; name = "MBLAccelerometerData.h"; path = "com.mbientlab.metawear/MBLAccelerometerData.h"; sourceTree = "<group>"; fileEncoding = 4; lastKnownFileType = sourcecode.c.h; explicitFileType = undefined; includeInIndex = 0; };
		CA306AF6D63D40D88514A2F3 /* MBLGyro.h */ = {isa = PBXFileReference; name = "MBLGyro.h"; path = "com.mbientlab.metawear/MBLGyro.h"; sourceTree = "<group>"; fileEncoding = 4; lastKnownFileType = sourcecode.c.h; explicitFileType = undefined; includeInIndex = 0; };
		21C762F8174E45B39F90D0E6 /* MBLGyroData.h */ = {isa = PBXFileReference; name = "MBLGyroData.h"; path = "com.mbientlab.metawear/MBLGyroData.h"; sourceTree = "<group>"; fileEncoding = 4; lastKnownFileType = sourcecode.c.h; explicitFileType = undefined; includeInIndex = 0; };
		E04A96F8E3394821ADDE4700 /* MBLOrientationData.h */ = {isa = PBXFileReference; name = "MBLOrientationData.h"; path = "com.mbientlab.metawear/MBLOrientationData.h"; sourceTree = "<group>"; fileEncoding = 4; lastKnownFileType = sourcecode.c.h; explicitFileType = undefined; includeInIndex = 0; };
		E646FCB076DB44858BC9287C /* MBLTemperature.h */ = {isa = PBXFileReference; name = "MBLTemperature.h"; path = "com.mbientlab.metawear/MBLTemperature.h"; sourceTree = "<group>"; fileEncoding = 4; lastKnownFileType = sourcecode.c.h; explicitFileType = undefined; includeInIndex = 0; };
		D6729F979D364D9388260774 /* MBLExternalThermistor.h */ = {isa = PBXFileReference; name = "MBLExternalThermistor.h"; path = "com.mbientlab.metawear/MBLExternalThermistor.h"; sourceTree = "<group>"; fileEncoding = 4; lastKnownFileType = sourcecode.c.h; explicitFileType = undefined; includeInIndex = 0; };
		2EFDAA8A0D984ED19E41C373 /* MBLData.h */ = {isa = PBXFileReference; name = "MBLData.h"; path = "com.mbientlab.metawear/MBLData.h"; sourceTree = "<group>"; fileEncoding = 4; lastKnownFileType = sourcecode.c.h; explicitFileType = undefined; includeInIndex = 0; };
		EDB21F93520F4B7296FA09CF /* MBLNumericData.h */ = {isa = PBXFileReference; name = "MBLNumericData.h"; path = "com.mbientlab.metawear/MBLNumericData.h"; sourceTree = "<group>"; fileEncoding = 4; lastKnownFileType = sourcecode.c.h; explicitFileType = undefined; includeInIndex = 0; };
		3B6DF42BA8D0457CAFF84772 /* MBLDataSample.h */ = {isa = PBXFileReference; name = "MBLDataSample.h"; path = "com.mbientlab.metawear/MBLDataSample.h"; sourceTree = "<group>"; fileEncoding = 4; lastKnownFileType = sourcecode.c.h; explicitFileType = undefined; includeInIndex = 0; };
		DE300870AE534591AD00F589 /* MBLEvent.h */ = {isa = PBXFileReference; name = "MBLEvent.h"; path = "com.mbientlab.metawear/MBLEvent.h"; sourceTree = "<group>"; fileEncoding = 4; lastKnownFileType = sourcecode.c.h; explicitFileType = undefined; includeInIndex = 0; };
		21F583942808403A9C9E1A0A /* MBLRegister.h */ = {isa = PBXFileReference; name = "MBLRegister.h"; path = "com.mbientlab.metawear/MBLRegister.h"; sourceTree = "<group>"; fileEncoding = 4; lastKnownFileType = sourcecode.c.h; explicitFileType = undefined; includeInIndex = 0; };
		D7AEFADFDA9F494FBA4F34D7 /* MBLModule.h */ = {isa = PBXFileReference; name = "MBLModule.h"; path = "com.mbientlab.metawear/MBLModule.h"; sourceTree = "<group>"; fileEncoding = 4; lastKnownFileType = sourcecode.c.h; explicitFileType = undefined; includeInIndex = 0; };
		570096518E7D4C37842C3B08 /* BFTask+MBLExtensions.h */ = {isa = PBXFileReference; name = "BFTask+MBLExtensions.h"; path = "com.mbientlab.metawear/BFTask+MBLExtensions.h"; sourceTree = "<group>"; fileEncoding = 4; lastKnownFileType = sourcecode.c.h; explicitFileType = undefined; includeInIndex = 0; };
		480CC28CCCFC489388E8EA08 /* MBLLED.h */ = {isa = PBXFileReference; name = "MBLLED.h"; path = "com.mbientlab.metawear/MBLLED.h"; sourceTree = "<group>"; fileEncoding = 4; lastKnownFileType = sourcecode.c.h; explicitFileType = undefined; includeInIndex = 0; };
		EEC447562A1040C7B5ADFBD8 /* Bolts.h */ = {isa = PBXFileReference; name = "Bolts.h"; path = "com.mbientlab.metawear/Bolts.h"; sourceTree = "<group>"; fileEncoding = 4; lastKnownFileType = sourcecode.c.h; explicitFileType = undefined; includeInIndex = 0; };
		03C018F5A40A42A0BA9CED99 /* BoltsVersion.h */ = {isa = PBXFileReference; name = "BoltsVersion.h"; path = "com.mbientlab.metawear/BoltsVersion.h"; sourceTree = "<group>"; fileEncoding = 4; lastKnownFileType = sourcecode.c.h; explicitFileType = undefined; includeInIndex = 0; };
		777746ABFD994FB78B45A80A /* BFCancellationToken.h */ = {isa = PBXFileReference; name = "BFCancellationToken.h"; path = "com.mbientlab.metawear/BFCancellationToken.h"; sourceTree = "<group>"; fileEncoding = 4; lastKnownFileType = sourcecode.c.h; explicitFileType = undefined; includeInIndex = 0; };
		0C5D1DCDACF5488788B7FA88 /* BFCancellationTokenRegistration.h */ = {isa = PBXFileReference; name = "BFCancellationTokenRegistration.h"; path = "com.mbientlab.metawear/BFCancellationTokenRegistration.h"; sourceTree = "<group>"; fileEncoding = 4; lastKnownFileType = sourcecode.c.h; explicitFileType = undefined; includeInIndex = 0; };
		F4947DA26D974A2A8CBB3FCD /* BFCancellationTokenSource.h */ = {isa = PBXFileReference; name = "BFCancellationTokenSource.h"; path = "com.mbientlab.metawear/BFCancellationTokenSource.h"; sourceTree = "<group>"; fileEncoding = 4; lastKnownFileType = sourcecode.c.h; explicitFileType = undefined; includeInIndex = 0; };
		39E86359D496483E84CF0B35 /* BFExecutor.h */ = {isa = PBXFileReference; name = "BFExecutor.h"; path = "com.mbientlab.metawear/BFExecutor.h"; sourceTree = "<group>"; fileEncoding = 4; lastKnownFileType = sourcecode.c.h; explicitFileType = undefined; includeInIndex = 0; };
		A2C6119A47DC4245B9747D25 /* BFTask.h */ = {isa = PBXFileReference; name = "BFTask.h"; path = "com.mbientlab.metawear/BFTask.h"; sourceTree = "<group>"; fileEncoding = 4; lastKnownFileType = sourcecode.c.h; explicitFileType = undefined; includeInIndex = 0; };
		59132196E74C41AAAD1A1BB0 /* BFTaskCompletionSource.h */ = {isa = PBXFileReference; name = "BFTaskCompletionSource.h"; path = "com.mbientlab.metawear/BFTaskCompletionSource.h"; sourceTree = "<group>"; fileEncoding = 4; lastKnownFileType = sourcecode.c.h; explicitFileType = undefined; includeInIndex = 0; };
		DDB526E891FE451BAEC24327 /* MWDevice.h */ = {isa = PBXFileReference; name = "MWDevice.h"; path = "com.mbientlab.metawear/MWDevice.h"; sourceTree = "<group>"; fileEncoding = 4; lastKnownFileType = sourcecode.c.h; explicitFileType = undefined; includeInIndex = 0; };
		4FF49B86E39E423EB2ACB45F /* MWSupportedModules.h */ = {isa = PBXFileReference; name = "MWSupportedModules.h"; path = "com.mbientlab.metawear/MWSupportedModules.h"; sourceTree = "<group>"; fileEncoding = 4; lastKnownFileType = sourcecode.c.h; explicitFileType = undefined; includeInIndex = 0; };
		302AD27BE4CC49AAB0E19A72 /* RSSI.h */ = {isa = PBXFileReference; name = "RSSI.h"; path = "com.mbientlab.metawear/RSSI.h"; sourceTree = "<group>"; fileEncoding = 4; lastKnownFileType = sourcecode.c.h; explicitFileType = undefined; includeInIndex = 0; };
		9BABDC08ECC94833864CB22E /* LEDModule.h */ = {isa = PBXFileReference; name = "LEDModule.h"; path = "com.mbientlab.metawear/LEDModule.h"; sourceTree = "<group>"; fileEncoding = 4; lastKnownFileType = sourcecode.c.h; explicitFileType = undefined; includeInIndex = 0; };
		327865661B2B46CABE9FD15D /* BatteryLevel.h */ = {isa = PBXFileReference; name = "BatteryLevel.h"; path = "com.mbientlab.metawear/BatteryLevel.h"; sourceTree = "<group>"; fileEncoding = 4; lastKnownFileType = sourcecode.c.h; explicitFileType = undefined; includeInIndex = 0; };
		0505F9180FA040B59588F0D9 /* MWAccelerometer.h */ = {isa = PBXFileReference; name = "MWAccelerometer.h"; path = "com.mbientlab.metawear/MWAccelerometer.h"; sourceTree = "<group>"; fileEncoding = 4; lastKnownFileType = sourcecode.c.h; explicitFileType = undefined; includeInIndex = 0; };
		8928EBAF143244118FF9C943 /* MWMultiChannelTemperature.h */ = {isa = PBXFileReference; name = "MWMultiChannelTemperature.h"; path = "com.mbientlab.metawear/MWMultiChannelTemperature.h"; sourceTree = "<group>"; fileEncoding = 4; lastKnownFileType = sourcecode.c.h; explicitFileType = undefined; includeInIndex = 0; };
		7238B3884DA644E2871A5BAA /* StepCounter.h */ = {isa = PBXFileReference; name = "StepCounter.h"; path = "com.mbientlab.metawear/StepCounter.h"; sourceTree = "<group>"; fileEncoding = 4; lastKnownFileType = sourcecode.c.h; explicitFileType = undefined; includeInIndex = 0; };
		17A0C4EFB6A04FE98B777227 /* MWGyroscope.h */ = {isa = PBXFileReference; name = "MWGyroscope.h"; path = "com.mbientlab.metawear/MWGyroscope.h"; sourceTree = "<group>"; fileEncoding = 4; lastKnownFileType = sourcecode.c.h; explicitFileType = undefined; includeInIndex = 0; };
/* End PBXFileReference section */

/* Begin PBXFrameworksBuildPhase section */
		1D60588F0D05DD3D006BFB54 /* Frameworks */ = {
			isa = PBXFrameworksBuildPhase;
			buildActionMask = 2147483647;
			files = (
				301BF552109A68D80062928A /* libCordova.a in Frameworks */,
				7EE67BDC2C5D473A8090AEFF /* Foundation.framework in Frameworks */,
				73132048C3F24F5DB72AEA0B /* CoreData.framework in Frameworks */,
				D5CCEE38820B4FB2B9D450C4 /* libMetawear-iOSAPI.a in Frameworks */,
			);
			runOnlyForDeploymentPostprocessing = 0;
		};
/* End PBXFrameworksBuildPhase section */

/* Begin PBXGroup section */
		080E96DDFE201D6D7F000001 /* Classes */ = {
			isa = PBXGroup;
			children = (
				302D95EE14D2391D003F00A1 /* MainViewController.h */,
				302D95EF14D2391D003F00A1 /* MainViewController.m */,
				302D95F014D2391D003F00A1 /* MainViewController.xib */,
				1D3623240D0F684500981E51 /* AppDelegate.h */,
				1D3623250D0F684500981E51 /* AppDelegate.m */,
			);
			name = Classes;
			path = "HelloCordova/Classes";
			sourceTree = SOURCE_ROOT;
		};
		19C28FACFE9D520D11CA2CBB /* Products */ = {
			isa = PBXGroup;
			children = (
				1D6058910D05DD3D006BFB54 /* HelloCordova.app */,
			);
			name = Products;
			sourceTree = "<group>";
		};
		29B97314FDCFA39411CA2CEA /* CustomTemplate */ = {
			isa = PBXGroup;
			children = (
				EB87FDF41871DAF40020F90C /* config.xml */,
				EB87FDF31871DA8E0020F90C /* www */,
				EB87FDF11871DA420020F90C /* Staging */,
				301BF52D109A57CC0062928A /* CordovaLib.xcodeproj */,
				080E96DDFE201D6D7F000001 /* Classes */,
				307C750510C5A3420062BCA9 /* Plugins */,
				29B97315FDCFA39411CA2CEA /* Other Sources */,
				29B97317FDCFA39411CA2CEA /* Resources */,
				29B97323FDCFA39411CA2CEA /* Frameworks */,
				19C28FACFE9D520D11CA2CBB /* Products */,
			);
			name = CustomTemplate;
			sourceTree = "<group>";
		};
		29B97315FDCFA39411CA2CEA /* Other Sources */ = {
			isa = PBXGroup;
			children = (
				32CA4F630368D1EE00C91783 /* HelloCordova-Prefix.pch */,
				29B97316FDCFA39411CA2CEA /* main.m */,
				ED33DF2A687741AEAF9F8254 /* Bridging-Header.h */,
			);
			name = "Other Sources";
			path = "HelloCordova";
			sourceTree = "<group>";
		};
		29B97317FDCFA39411CA2CEA /* Resources */ = {
			isa = PBXGroup;
			children = (
				0207DA571B56EA530066E2B4 /* Images.xcassets */,
				3047A50E1AB8057F00498E2A /* config */,
				8D1107310486CEB800E47090 /* HelloCordova-Info.plist */,
			);
			name = Resources;
			path = "HelloCordova/Resources";
			sourceTree = "<group>";
		};
		29B97323FDCFA39411CA2CEA /* Frameworks */ = {
			isa = PBXGroup;
			children = (
				0BD123FD384B4FC3AFBB376B /* Foundation.framework */,
				55BEB0E298E44A749A4DF967 /* CoreData.framework */,
				7265E85ECCF9451780356FF8 /* libMetawear-iOSAPI.a */,
			);
			name = Frameworks;
			sourceTree = "<group>";
		};
		301BF52E109A57CC0062928A /* Products */ = {
			isa = PBXGroup;
			children = (
				301BF535109A57CC0062928A /* libCordova.a */,
			);
			name = Products;
			sourceTree = "<group>";
		};
		3047A50E1AB8057F00498E2A /* config */ = {
			isa = PBXGroup;
			children = (
				3047A50F1AB8059700498E2A /* build-debug.xcconfig */,
				3047A5101AB8059700498E2A /* build-release.xcconfig */,
				3047A5111AB8059700498E2A /* build.xcconfig */,
			);
			name = config;
			sourceTree = "<group>";
		};
		307C750510C5A3420062BCA9 /* Plugins */ = {
			isa = PBXGroup;
			children = (
				6D95AD21E5DB4DC68F7C71D4 /* Bolts.m */,
				C4131B97791E43F3856457EE /* BFCancellationToken.m */,
				64943CB72B854178B5C9162E /* BFCancellationTokenRegistration.m */,
				D915B5B4FFFA45AAAD99B1E0 /* BFCancellationTokenSource.m */,
				9910C9DFC2BC4758B3B03F4F /* BFExecutor.m */,
				45644AB9D91942368704E4F7 /* BFTask.m */,
				9266B0BE474D4847ACF315C5 /* BFTaskCompletionSource.m */,
				C4010829487E413387332835 /* MWDevice.m */,
				CCA205FE8F944486BA02B1B1 /* MWSupportedModules.m */,
				132D22864DE348E6BCCCCD71 /* RSSI.m */,
				5192A3CB6DE34C73869E1A27 /* LEDModule.m */,
				E2E16DF1BE334D14B78FF579 /* BatteryLevel.m */,
				0282980743944BBEB191DC57 /* MWAccelerometer.m */,
				3CB1EC4CD5D44C30B7B84DDF /* MWMultiChannelTemperature.m */,
				7D4222CEC80E46AF9D3EBA4B /* StepCounter.m */,
				97AB94C600D044C1AD68A509 /* MWGyroscope.m */,
				0F7A0DF98A0B4720B1F5BF45 /* MBLConstants.h */,
				11CA0C5028E444EC98491D70 /* MBLMetaWear.h */,
				6F5E24A3946D4A059E5C082A /* MBLMetaWearManager.h */,
				A9F95502125D435A98D56134 /* MBLAccelerometer.h */,
				DA82454190C14467BD7A3C58 /* MBLAccelerometerBMI160.h */,
				393F39C2420044C6A44D21BF /* MBLAccelerometerBosch.h */,
				E1ABEA9F6CCE42E28870F357 /* bmi160.h */,
				7E147AA30E4F4348913F4214 /* MBLAccelerometerData.h */,
				CA306AF6D63D40D88514A2F3 /* MBLGyro.h */,
				21C762F8174E45B39F90D0E6 /* MBLGyroData.h */,
				E04A96F8E3394821ADDE4700 /* MBLOrientationData.h */,
				E646FCB076DB44858BC9287C /* MBLTemperature.h */,
				D6729F979D364D9388260774 /* MBLExternalThermistor.h */,
				2EFDAA8A0D984ED19E41C373 /* MBLData.h */,
				EDB21F93520F4B7296FA09CF /* MBLNumericData.h */,
				3B6DF42BA8D0457CAFF84772 /* MBLDataSample.h */,
				DE300870AE534591AD00F589 /* MBLEvent.h */,
				21F583942808403A9C9E1A0A /* MBLRegister.h */,
				D7AEFADFDA9F494FBA4F34D7 /* MBLModule.h */,
				570096518E7D4C37842C3B08 /* BFTask+MBLExtensions.h */,
				480CC28CCCFC489388E8EA08 /* MBLLED.h */,
				EEC447562A1040C7B5ADFBD8 /* Bolts.h */,
				03C018F5A40A42A0BA9CED99 /* BoltsVersion.h */,
				777746ABFD994FB78B45A80A /* BFCancellationToken.h */,
				0C5D1DCDACF5488788B7FA88 /* BFCancellationTokenRegistration.h */,
				F4947DA26D974A2A8CBB3FCD /* BFCancellationTokenSource.h */,
				39E86359D496483E84CF0B35 /* BFExecutor.h */,
				A2C6119A47DC4245B9747D25 /* BFTask.h */,
				59132196E74C41AAAD1A1BB0 /* BFTaskCompletionSource.h */,
				DDB526E891FE451BAEC24327 /* MWDevice.h */,
				4FF49B86E39E423EB2ACB45F /* MWSupportedModules.h */,
				302AD27BE4CC49AAB0E19A72 /* RSSI.h */,
				9BABDC08ECC94833864CB22E /* LEDModule.h */,
				327865661B2B46CABE9FD15D /* BatteryLevel.h */,
				0505F9180FA040B59588F0D9 /* MWAccelerometer.h */,
				8928EBAF143244118FF9C943 /* MWMultiChannelTemperature.h */,
				7238B3884DA644E2871A5BAA /* StepCounter.h */,
				17A0C4EFB6A04FE98B777227 /* MWGyroscope.h */,
			);
			name = Plugins;
			path = "HelloCordova/Plugins";
			sourceTree = SOURCE_ROOT;
		};
		EB87FDF11871DA420020F90C /* Staging */ = {
			isa = PBXGroup;
			children = (
				F840E1F0165FE0F500CFE078 /* config.xml */,
				301BF56E109A69640062928A /* www */,
			);
			name = Staging;
			sourceTree = "<group>";
		};
/* End PBXGroup section */

/* Begin PBXNativeTarget section */
		1D6058900D05DD3D006BFB54 /* HelloCordova */ = {
			isa = PBXNativeTarget;
			buildConfigurationList = 1D6058960D05DD3E006BFB54 /* Build configuration list for PBXNativeTarget "HelloCordova" */;
			buildPhases = (
				304B58A110DAC018002A0835 /* Copy www directory */,
				1D60588D0D05DD3D006BFB54 /* Resources */,
				1D60588E0D05DD3D006BFB54 /* Sources */,
				1D60588F0D05DD3D006BFB54 /* Frameworks */,
			);
			buildRules = (
			);
			dependencies = (
				301BF551109A68C00062928A /* PBXTargetDependency */,
			);
			name = "HelloCordova";
			productName = "HelloCordova";
			productReference = 1D6058910D05DD3D006BFB54 /* HelloCordova.app */;
			productType = "com.apple.product-type.application";
		};
/* End PBXNativeTarget section */

/* Begin PBXProject section */
		29B97313FDCFA39411CA2CEA /* Project object */ = {
			isa = PBXProject;
			attributes = {
				LastUpgradeCheck = 510;
			};
			buildConfigurationList = C01FCF4E08A954540054247B /* Build configuration list for PBXProject "__NON-CLI__" */;
			compatibilityVersion = "Xcode 3.2";
			developmentRegion = English;
			hasScannedForEncodings = 1;
			mainGroup = 29B97314FDCFA39411CA2CEA /* CustomTemplate */;
			projectDirPath = "";
			projectReferences = (
				{
					ProductGroup = 301BF52E109A57CC0062928A /* Products */;
					ProjectRef = 301BF52D109A57CC0062928A /* CordovaLib.xcodeproj */;
				},
			);
			projectRoot = "";
			targets = (
				1D6058900D05DD3D006BFB54 /* HelloCordova */,
			);
		};
/* End PBXProject section */

/* Begin PBXReferenceProxy section */
		301BF535109A57CC0062928A /* libCordova.a */ = {
			isa = PBXReferenceProxy;
			fileType = archive.ar;
			path = libCordova.a;
			remoteRef = 301BF534109A57CC0062928A /* PBXContainerItemProxy */;
			sourceTree = BUILT_PRODUCTS_DIR;
		};
/* End PBXReferenceProxy section */

/* Begin PBXResourcesBuildPhase section */
		1D60588D0D05DD3D006BFB54 /* Resources */ = {
			isa = PBXResourcesBuildPhase;
			buildActionMask = 2147483647;
			files = (
				302D95F214D2391D003F00A1 /* MainViewController.xib in Resources */,
				3047A5131AB8059700498E2A /* build-release.xcconfig in Resources */,
				3047A5141AB8059700498E2A /* build.xcconfig in Resources */,
				0207DA581B56EA530066E2B4 /* Images.xcassets in Resources */,
				3047A5121AB8059700498E2A /* build-debug.xcconfig in Resources */,
			);
			runOnlyForDeploymentPostprocessing = 0;
		};
/* End PBXResourcesBuildPhase section */

/* Begin PBXShellScriptBuildPhase section */
		304B58A110DAC018002A0835 /* Copy www directory */ = {
			isa = PBXShellScriptBuildPhase;
			buildActionMask = 2147483647;
			files = (
			);
			inputPaths = (
			);
			name = "Copy www directory";
			outputPaths = (
			);
			runOnlyForDeploymentPostprocessing = 0;
			shellPath = /bin/sh;
			shellScript = "NODEJS_PATH=/usr/local/bin; NVM_NODE_PATH=~/.nvm/versions/node/`nvm version 2>/dev/null`/bin; N_NODE_PATH=`find /usr/local/n/versions/node/* -maxdepth 0 -type d 2>/dev/null | tail -1`/bin; XCODE_NODE_PATH=`xcode-select --print-path`/usr/share/xcs/Node/bin; PATH=$NODEJS_PATH:$NVM_NODE_PATH:$N_NODE_PATH:$XCODE_NODE_PATH:$PATH && node cordova/lib/copy-www-build-step.js";
			showEnvVarsInLog = 0;
		};
/* End PBXShellScriptBuildPhase section */

/* Begin PBXSourcesBuildPhase section */
		1D60588E0D05DD3D006BFB54 /* Sources */ = {
			isa = PBXSourcesBuildPhase;
			buildActionMask = 2147483647;
			files = (
				1D60589B0D05DD56006BFB54 /* main.m in Sources */,
				1D3623260D0F684500981E51 /* AppDelegate.m in Sources */,
				302D95F114D2391D003F00A1 /* MainViewController.m in Sources */,
				01ECB8B650794107B8754A1D /* Bolts.m in Sources */,
				03286657152F42E59B7767D2 /* BFCancellationToken.m in Sources */,
				373A47BA31934F6E9B50C53B /* BFCancellationTokenRegistration.m in Sources */,
				EFE7E74900924E79864AC23A /* BFCancellationTokenSource.m in Sources */,
				CA1FC8B19AF24672A253A234 /* BFExecutor.m in Sources */,
				A43960D7EA984B56879791E7 /* BFTask.m in Sources */,
				85744FCCD874498A87122E30 /* BFTaskCompletionSource.m in Sources */,
				F234FDD727CA4AD3BAD5DC75 /* MWDevice.m in Sources */,
				66433C2D2823442792E054B8 /* MWSupportedModules.m in Sources */,
				AB2674D3BD4643419667118B /* RSSI.m in Sources */,
				73A3758D200E41B59528C314 /* LEDModule.m in Sources */,
				4C33EBAAAC804F33AB31DAAD /* BatteryLevel.m in Sources */,
				10BDAA7281884BE69FF6ACBD /* MWAccelerometer.m in Sources */,
				3B0FE3ECA77343E3BD057579 /* MWMultiChannelTemperature.m in Sources */,
				F4340E5FB6B64A14A9DDA114 /* StepCounter.m in Sources */,
				045C30A355C5488299420792 /* MWGyroscope.m in Sources */,
			);
			runOnlyForDeploymentPostprocessing = 0;
		};
/* End PBXSourcesBuildPhase section */

/* Begin PBXTargetDependency section */
		301BF551109A68C00062928A /* PBXTargetDependency */ = {
			isa = PBXTargetDependency;
			name = CordovaLib;
			targetProxy = 301BF550109A68C00062928A /* PBXContainerItemProxy */;
		};
/* End PBXTargetDependency section */

/* Begin XCBuildConfiguration section */
		1D6058940D05DD3E006BFB54 /* Debug */ = {
			isa = XCBuildConfiguration;
			baseConfigurationReference = 3047A50F1AB8059700498E2A /* build-debug.xcconfig */;
			buildSettings = {
				ALWAYS_SEARCH_USER_PATHS = NO;
				ASSETCATALOG_COMPILER_APPICON_NAME = AppIcon;
				ASSETCATALOG_COMPILER_LAUNCHIMAGE_NAME = LaunchImage;
				CLANG_ENABLE_MODULES = YES;
				CLANG_ENABLE_OBJC_ARC = YES;
				COPY_PHASE_STRIP = NO;
				GCC_DYNAMIC_NO_PIC = NO;
				GCC_OPTIMIZATION_LEVEL = 0;
				GCC_PRECOMPILE_PREFIX_HEADER = YES;
				GCC_PREFIX_HEADER = "HelloCordova/HelloCordova-Prefix.pch";
				GCC_THUMB_SUPPORT = NO;
				GCC_VERSION = "";
				INFOPLIST_FILE = "HelloCordova/HelloCordova-Info.plist";
				LD_RUNPATH_SEARCH_PATHS = "@executable_path/Frameworks";
				PRODUCT_NAME = "HelloCordova";
				LIBRARY_SEARCH_PATHS = (
					"$(inherited)",
					"\"$(SRCROOT)/HelloCordova/Plugins/com.mbientlab.metawear\"",
				);
			};
			name = Debug;
		};
		1D6058950D05DD3E006BFB54 /* Release */ = {
			isa = XCBuildConfiguration;
			baseConfigurationReference = 3047A5101AB8059700498E2A /* build-release.xcconfig */;
			buildSettings = {
				ALWAYS_SEARCH_USER_PATHS = NO;
				ASSETCATALOG_COMPILER_APPICON_NAME = AppIcon;
				ASSETCATALOG_COMPILER_LAUNCHIMAGE_NAME = LaunchImage;
				CLANG_ENABLE_MODULES = YES;
				CLANG_ENABLE_OBJC_ARC = YES;
				COPY_PHASE_STRIP = YES;
				GCC_PRECOMPILE_PREFIX_HEADER = YES;
				GCC_PREFIX_HEADER = "HelloCordova/HelloCordova-Prefix.pch";
				GCC_THUMB_SUPPORT = NO;
				GCC_VERSION = "";
				INFOPLIST_FILE = "HelloCordova/HelloCordova-Info.plist";
				PRODUCT_NAME = "HelloCordova";
				LIBRARY_SEARCH_PATHS = (
					"$(inherited)",
					"\"$(SRCROOT)/HelloCordova/Plugins/com.mbientlab.metawear\"",
				);
			};
			name = Release;
		};
		C01FCF4F08A954540054247B /* Debug */ = {
			isa = XCBuildConfiguration;
			baseConfigurationReference = 3047A5111AB8059700498E2A /* build.xcconfig */;
			buildSettings = {
				CLANG_ENABLE_MODULES = YES;
				CLANG_ENABLE_OBJC_ARC = YES;
				CLANG_WARN_BOOL_CONVERSION = YES;
				CLANG_WARN_CONSTANT_CONVERSION = YES;
				CLANG_WARN_EMPTY_BODY = YES;
				CLANG_WARN_ENUM_CONVERSION = YES;
				CLANG_WARN_INT_CONVERSION = YES;
				CLANG_WARN__DUPLICATE_METHOD_MATCH = YES;
				GCC_C_LANGUAGE_STANDARD = c99;
				GCC_THUMB_SUPPORT = NO;
				GCC_VERSION = "";
				GCC_WARN_ABOUT_RETURN_TYPE = YES;
				GCC_WARN_UNDECLARED_SELECTOR = YES;
				GCC_WARN_UNINITIALIZED_AUTOS = YES;
				GCC_WARN_UNUSED_FUNCTION = YES;
				GCC_WARN_UNUSED_VARIABLE = YES;
				ONLY_ACTIVE_ARCH = YES;
				SDKROOT = iphoneos;
				SKIP_INSTALL = NO;
			};
			name = Debug;
		};
		C01FCF5008A954540054247B /* Release */ = {
			isa = XCBuildConfiguration;
			baseConfigurationReference = 3047A5111AB8059700498E2A /* build.xcconfig */;
			buildSettings = {
				CLANG_ENABLE_MODULES = YES;
				CLANG_ENABLE_OBJC_ARC = YES;
				CLANG_WARN_BOOL_CONVERSION = YES;
				CLANG_WARN_CONSTANT_CONVERSION = YES;
				CLANG_WARN_EMPTY_BODY = YES;
				CLANG_WARN_ENUM_CONVERSION = YES;
				CLANG_WARN_INT_CONVERSION = YES;
				CLANG_WARN__DUPLICATE_METHOD_MATCH = YES;
				GCC_C_LANGUAGE_STANDARD = c99;
				GCC_THUMB_SUPPORT = NO;
				GCC_VERSION = "";
				GCC_WARN_ABOUT_RETURN_TYPE = YES;
				GCC_WARN_UNDECLARED_SELECTOR = YES;
				GCC_WARN_UNINITIALIZED_AUTOS = YES;
				GCC_WARN_UNUSED_FUNCTION = YES;
				GCC_WARN_UNUSED_VARIABLE = YES;
				SDKROOT = iphoneos;
				SKIP_INSTALL = NO;
			};
			name = Release;
		};
/* End XCBuildConfiguration section */

/* Begin XCConfigurationList section */
		1D6058960D05DD3E006BFB54 /* Build configuration list for PBXNativeTarget "HelloCordova" */ = {
			isa = XCConfigurationList;
			buildConfigurations = (
				1D6058940D05DD3E006BFB54 /* Debug */,
				1D6058950D05DD3E006BFB54 /* Release */,
			);
			defaultConfigurationIsVisible = 0;
			defaultConfigurationName = Release;
		};
		C01FCF4E08A954540054247B /* Build configuration list for PBXProject "__NON-CLI__" */ = {
			isa = XCConfigurationList;
			buildConfigurations = (
				C01FCF4F08A954540054247B /* Debug */,
				C01FCF5008A954540054247B /* Release */,
			);
			defaultConfigurationIsVisible = 0;
			defaultConfigurationName = Release;
		};
/* End XCConfigurationList section */
	};
	rootObject = 29B97313FDCFA39411CA2CEA /* Project object */;
}
