// !$*UTF8*$!
{
	archiveVersion = 1;
	classes = {
	};
	objectVersion = 46;
	objects = {
/* Begin PBXBuildFile section */
		0207DA581B56EA530066E2B4 /* Images.xcassets in Resources */ = {isa = PBXBuildFile; fileRef = 0207DA571B56EA530066E2B4 /* Images.xcassets */; };
		1D3623260D0F684500981E51 /* AppDelegate.m in Sources */ = {isa = PBXBuildFile; fileRef = 1D3623250D0F684500981E51 /* AppDelegate.m */; };
		1D60589B0D05DD56006BFB54 /* main.m in Sources */ = {isa = PBXBuildFile; fileRef = 29B97316FDCFA39411CA2CEA /* main.m */; };
		301BF552109A68D80062928A /* libCordova.a in Frameworks */ = {isa = PBXBuildFile; fileRef = 301BF535109A57CC0062928A /* libCordova.a */; };
		302D95F114D2391D003F00A1 /* MainViewController.m in Sources */ = {isa = PBXBuildFile; fileRef = 302D95EF14D2391D003F00A1 /* MainViewController.m */; };
		302D95F214D2391D003F00A1 /* MainViewController.xib in Resources */ = {isa = PBXBuildFile; fileRef = 302D95F014D2391D003F00A1 /* MainViewController.xib */; };
		3047A5121AB8059700498E2A /* build-debug.xcconfig in Resources */ = {isa = PBXBuildFile; fileRef = 3047A50F1AB8059700498E2A /* build-debug.xcconfig */; };
		3047A5131AB8059700498E2A /* build-release.xcconfig in Resources */ = {isa = PBXBuildFile; fileRef = 3047A5101AB8059700498E2A /* build-release.xcconfig */; };
		3047A5141AB8059700498E2A /* build.xcconfig in Resources */ = {isa = PBXBuildFile; fileRef = 3047A5111AB8059700498E2A /* build.xcconfig */; };
		7EE67BDC2C5D473A8090AEFF /* Foundation.framework in Frameworks */ = {isa = PBXBuildFile; fileRef = 0BD123FD384B4FC3AFBB376B /* Foundation.framework */; };
		73132048C3F24F5DB72AEA0B /* CoreData.framework in Frameworks */ = {isa = PBXBuildFile; fileRef = 55BEB0E298E44A749A4DF967 /* CoreData.framework */; };
		93F940D5C5AF4B24836F5822 /* libMetawear-iOSAPI.a in Frameworks */ = {isa = PBXBuildFile; fileRef = 379F0B8AB6E1483E8CC62106 /* libMetawear-iOSAPI.a */; };
		EDE800F8AAB84B079B4185A3 /* Bolts.m in Sources */ = {isa = PBXBuildFile; fileRef = 58203E0BA49B44F18730E140 /* Bolts.m */; };
		0659993BC9324A6C936A618A /* BFCancellationToken.m in Sources */ = {isa = PBXBuildFile; fileRef = D9BDBC06CAD6494DA472E3FB /* BFCancellationToken.m */; };
		377F125CF7A3473BBCAE4BA9 /* BFCancellationTokenRegistration.m in Sources */ = {isa = PBXBuildFile; fileRef = 4259591A833A4FAF9CC7CA64 /* BFCancellationTokenRegistration.m */; };
		55EA943AE1ED4473BA366C72 /* BFCancellationTokenSource.m in Sources */ = {isa = PBXBuildFile; fileRef = 779707115F4C43FB9F1A1BEC /* BFCancellationTokenSource.m */; };
		9C91A82435274D97ADC01AC2 /* BFExecutor.m in Sources */ = {isa = PBXBuildFile; fileRef = 6C193CAB8EB048DBB683F0DE /* BFExecutor.m */; };
		8D3533569E514BB7888F436D /* BFTask.m in Sources */ = {isa = PBXBuildFile; fileRef = C73BE63B16714C22935CD7BC /* BFTask.m */; };
		49FC0BE268B240F9B48C6EE6 /* BFTaskCompletionSource.m in Sources */ = {isa = PBXBuildFile; fileRef = 6A729F3BF6984E59BE22FB0E /* BFTaskCompletionSource.m */; };
		A0109D9F651D4443A4B15EB2 /* MWDevice.m in Sources */ = {isa = PBXBuildFile; fileRef = 884AC495CCE64D8CAEE703AC /* MWDevice.m */; };
		38432B7330464C889104E60F /* MWSupportedModules.m in Sources */ = {isa = PBXBuildFile; fileRef = 465A601DBE5F4A3FB599A917 /* MWSupportedModules.m */; };
		F22A6E9E7F5D46EFBE66D51C /* RSSI.m in Sources */ = {isa = PBXBuildFile; fileRef = 852019B8DE9449BCBB84B5FB /* RSSI.m */; };
		CE24F7D8231A48C694DE08AA /* LEDModule.m in Sources */ = {isa = PBXBuildFile; fileRef = 9CBF6B0BCEF0452B9B3A9950 /* LEDModule.m */; };
		E167147F93CC48B8BE671B24 /* BatteryLevel.m in Sources */ = {isa = PBXBuildFile; fileRef = 6D6D71EC350A4EBD83F69125 /* BatteryLevel.m */; };
		A79CF2EF73CF4112A9A47E2D /* MWAccelerometer.m in Sources */ = {isa = PBXBuildFile; fileRef = 1375D0C57D2546C8A19585A9 /* MWAccelerometer.m */; };
		CADAAACAFC4F42FB8A3A25C6 /* MWMultiChannelTemperature.m in Sources */ = {isa = PBXBuildFile; fileRef = 3D4FA40E0A6245D3AC980FFC /* MWMultiChannelTemperature.m */; };
		BE68976AC8674C898795C08E /* StepCounter.m in Sources */ = {isa = PBXBuildFile; fileRef = 0C95CB548A1A4131A8C0393C /* StepCounter.m */; };
		6778A821F22D439794E472DD /* MWGyroscope.m in Sources */ = {isa = PBXBuildFile; fileRef = 06D0012866A4445F8C171C59 /* MWGyroscope.m */; };
/* End PBXBuildFile section */

/* Begin PBXContainerItemProxy section */
		301BF534109A57CC0062928A /* PBXContainerItemProxy */ = {
			isa = PBXContainerItemProxy;
			containerPortal = 301BF52D109A57CC0062928A /* CordovaLib.xcodeproj */;
			proxyType = 2;
			remoteGlobalIDString = D2AAC07E0554694100DB518D;
			remoteInfo = CordovaLib;
		};
		301BF550109A68C00062928A /* PBXContainerItemProxy */ = {
			isa = PBXContainerItemProxy;
			containerPortal = 301BF52D109A57CC0062928A /* CordovaLib.xcodeproj */;
			proxyType = 1;
			remoteGlobalIDString = D2AAC07D0554694100DB518D;
			remoteInfo = CordovaLib;
		};
/* End PBXContainerItemProxy section */

/* Begin PBXFileReference section */
		0207DA571B56EA530066E2B4 /* Images.xcassets */ = {isa = PBXFileReference; lastKnownFileType = folder.assetcatalog; name = Images.xcassets; path = "HelloCordova/Images.xcassets"; sourceTree = SOURCE_ROOT; };
		1D3623240D0F684500981E51 /* AppDelegate.h */ = {isa = PBXFileReference; fileEncoding = 4; lastKnownFileType = sourcecode.c.h; path = AppDelegate.h; sourceTree = "<group>"; };
		1D3623250D0F684500981E51 /* AppDelegate.m */ = {isa = PBXFileReference; fileEncoding = 4; lastKnownFileType = sourcecode.c.objc; path = AppDelegate.m; sourceTree = "<group>"; };
		1D6058910D05DD3D006BFB54 /* HelloCordova.app */ = {isa = PBXFileReference; explicitFileType = wrapper.application; includeInIndex = 0; path = "HelloCordova.app"; sourceTree = BUILT_PRODUCTS_DIR; };
		29B97316FDCFA39411CA2CEA /* main.m */ = {isa = PBXFileReference; fileEncoding = 4; lastKnownFileType = sourcecode.c.objc; path = main.m; sourceTree = "<group>"; };
		301BF52D109A57CC0062928A /* CordovaLib.xcodeproj */ = {isa = PBXFileReference; lastKnownFileType = "wrapper.pb-project"; name = CordovaLib.xcodeproj; path = CordovaLib/CordovaLib.xcodeproj; sourceTree = "<group>"; };
		301BF56E109A69640062928A /* www */ = {isa = PBXFileReference; lastKnownFileType = folder; path = www; sourceTree = SOURCE_ROOT; };
		302D95EE14D2391D003F00A1 /* MainViewController.h */ = {isa = PBXFileReference; fileEncoding = 4; lastKnownFileType = sourcecode.c.h; path = MainViewController.h; sourceTree = "<group>"; };
		302D95EF14D2391D003F00A1 /* MainViewController.m */ = {isa = PBXFileReference; fileEncoding = 4; lastKnownFileType = sourcecode.c.objc; path = MainViewController.m; sourceTree = "<group>"; };
		302D95F014D2391D003F00A1 /* MainViewController.xib */ = {isa = PBXFileReference; fileEncoding = 4; lastKnownFileType = file.xib; path = MainViewController.xib; sourceTree = "<group>"; };
		3047A50F1AB8059700498E2A /* build-debug.xcconfig */ = {isa = PBXFileReference; fileEncoding = 4; lastKnownFileType = text.xcconfig; name = "build-debug.xcconfig"; path = cordova/build-debug.xcconfig; sourceTree = SOURCE_ROOT; };
		3047A5101AB8059700498E2A /* build-release.xcconfig */ = {isa = PBXFileReference; fileEncoding = 4; lastKnownFileType = text.xcconfig; name = "build-release.xcconfig"; path = cordova/build-release.xcconfig; sourceTree = SOURCE_ROOT; };
		3047A5111AB8059700498E2A /* build.xcconfig */ = {isa = PBXFileReference; fileEncoding = 4; lastKnownFileType = text.xcconfig; name = build.xcconfig; path = cordova/build.xcconfig; sourceTree = SOURCE_ROOT; };
		32CA4F630368D1EE00C91783 /* HelloCordova-Prefix.pch */ = {isa = PBXFileReference; fileEncoding = 4; lastKnownFileType = sourcecode.c.h; path = "HelloCordova-Prefix.pch"; sourceTree = "<group>"; };
		8D1107310486CEB800E47090 /* HelloCordova-Info.plist */ = {isa = PBXFileReference; fileEncoding = 4; lastKnownFileType = text.plist.xml; name = "HelloCordova-Info.plist"; path = "HelloCordova/HelloCordova-Info.plist"; plistStructureDefinitionIdentifier = "com.apple.xcode.plist.structure-definition.iphone.info-plist"; sourceTree = SOURCE_ROOT; };
		EB87FDF31871DA8E0020F90C /* www */ = {isa = PBXFileReference; lastKnownFileType = folder; name = www; path = ../../www; sourceTree = "<group>"; };
		EB87FDF41871DAF40020F90C /* config.xml */ = {isa = PBXFileReference; lastKnownFileType = text.xml; name = config.xml; path = ../../config.xml; sourceTree = "<group>"; };
		F840E1F0165FE0F500CFE078 /* config.xml */ = {isa = PBXFileReference; lastKnownFileType = text.xml; name = config.xml; path = "HelloCordova/config.xml"; sourceTree = "<group>"; };
		ED33DF2A687741AEAF9F8254 /* Bridging-Header.h */ = {isa = PBXFileReference; fileEncoding = 4; lastKnownFileType = sourcecode.c.h; name = "Bridging-Header.h"; path = "Bridging-Header.h"; sourceTree = "<group>"; };
		0BD123FD384B4FC3AFBB376B /* Foundation.framework */ = {isa = PBXFileReference; name = "Foundation.framework"; path = "System/Library/Frameworks/Foundation.framework"; sourceTree = SDKROOT; fileEncoding = undefined; lastKnownFileType = wrapper.framework; explicitFileType = undefined; includeInIndex = 0; };
		55BEB0E298E44A749A4DF967 /* CoreData.framework */ = {isa = PBXFileReference; name = "CoreData.framework"; path = "System/Library/Frameworks/CoreData.framework"; sourceTree = SDKROOT; fileEncoding = undefined; lastKnownFileType = wrapper.framework; explicitFileType = undefined; includeInIndex = 0; };
		379F0B8AB6E1483E8CC62106 /* libMetawear-iOSAPI.a */ = {isa = PBXFileReference; name = "libMetawear-iOSAPI.a"; path = "HelloCordova/Plugins/com.mbientlab.metawear/libMetawear-iOSAPI.a"; sourceTree = "<group>"; fileEncoding = undefined; lastKnownFileType = archive.ar; explicitFileType = undefined; includeInIndex = 0; };
		58203E0BA49B44F18730E140 /* Bolts.m */ = {isa = PBXFileReference; name = "Bolts.m"; path = "com.mbientlab.metawear/Bolts.m"; sourceTree = "<group>"; fileEncoding = 4; lastKnownFileType = sourcecode.c.objc; explicitFileType = undefined; includeInIndex = 0; };
		D9BDBC06CAD6494DA472E3FB /* BFCancellationToken.m */ = {isa = PBXFileReference; name = "BFCancellationToken.m"; path = "com.mbientlab.metawear/BFCancellationToken.m"; sourceTree = "<group>"; fileEncoding = 4; lastKnownFileType = sourcecode.c.objc; explicitFileType = undefined; includeInIndex = 0; };
		4259591A833A4FAF9CC7CA64 /* BFCancellationTokenRegistration.m */ = {isa = PBXFileReference; name = "BFCancellationTokenRegistration.m"; path = "com.mbientlab.metawear/BFCancellationTokenRegistration.m"; sourceTree = "<group>"; fileEncoding = 4; lastKnownFileType = sourcecode.c.objc; explicitFileType = undefined; includeInIndex = 0; };
		779707115F4C43FB9F1A1BEC /* BFCancellationTokenSource.m */ = {isa = PBXFileReference; name = "BFCancellationTokenSource.m"; path = "com.mbientlab.metawear/BFCancellationTokenSource.m"; sourceTree = "<group>"; fileEncoding = 4; lastKnownFileType = sourcecode.c.objc; explicitFileType = undefined; includeInIndex = 0; };
		6C193CAB8EB048DBB683F0DE /* BFExecutor.m */ = {isa = PBXFileReference; name = "BFExecutor.m"; path = "com.mbientlab.metawear/BFExecutor.m"; sourceTree = "<group>"; fileEncoding = 4; lastKnownFileType = sourcecode.c.objc; explicitFileType = undefined; includeInIndex = 0; };
		C73BE63B16714C22935CD7BC /* BFTask.m */ = {isa = PBXFileReference; name = "BFTask.m"; path = "com.mbientlab.metawear/BFTask.m"; sourceTree = "<group>"; fileEncoding = 4; lastKnownFileType = sourcecode.c.objc; explicitFileType = undefined; includeInIndex = 0; };
		6A729F3BF6984E59BE22FB0E /* BFTaskCompletionSource.m */ = {isa = PBXFileReference; name = "BFTaskCompletionSource.m"; path = "com.mbientlab.metawear/BFTaskCompletionSource.m"; sourceTree = "<group>"; fileEncoding = 4; lastKnownFileType = sourcecode.c.objc; explicitFileType = undefined; includeInIndex = 0; };
		884AC495CCE64D8CAEE703AC /* MWDevice.m */ = {isa = PBXFileReference; name = "MWDevice.m"; path = "com.mbientlab.metawear/MWDevice.m"; sourceTree = "<group>"; fileEncoding = 4; lastKnownFileType = sourcecode.c.objc; explicitFileType = undefined; includeInIndex = 0; };
		465A601DBE5F4A3FB599A917 /* MWSupportedModules.m */ = {isa = PBXFileReference; name = "MWSupportedModules.m"; path = "com.mbientlab.metawear/MWSupportedModules.m"; sourceTree = "<group>"; fileEncoding = 4; lastKnownFileType = sourcecode.c.objc; explicitFileType = undefined; includeInIndex = 0; };
		852019B8DE9449BCBB84B5FB /* RSSI.m */ = {isa = PBXFileReference; name = "RSSI.m"; path = "com.mbientlab.metawear/RSSI.m"; sourceTree = "<group>"; fileEncoding = 4; lastKnownFileType = sourcecode.c.objc; explicitFileType = undefined; includeInIndex = 0; };
		9CBF6B0BCEF0452B9B3A9950 /* LEDModule.m */ = {isa = PBXFileReference; name = "LEDModule.m"; path = "com.mbientlab.metawear/LEDModule.m"; sourceTree = "<group>"; fileEncoding = 4; lastKnownFileType = sourcecode.c.objc; explicitFileType = undefined; includeInIndex = 0; };
		6D6D71EC350A4EBD83F69125 /* BatteryLevel.m */ = {isa = PBXFileReference; name = "BatteryLevel.m"; path = "com.mbientlab.metawear/BatteryLevel.m"; sourceTree = "<group>"; fileEncoding = 4; lastKnownFileType = sourcecode.c.objc; explicitFileType = undefined; includeInIndex = 0; };
		1375D0C57D2546C8A19585A9 /* MWAccelerometer.m */ = {isa = PBXFileReference; name = "MWAccelerometer.m"; path = "com.mbientlab.metawear/MWAccelerometer.m"; sourceTree = "<group>"; fileEncoding = 4; lastKnownFileType = sourcecode.c.objc; explicitFileType = undefined; includeInIndex = 0; };
		3D4FA40E0A6245D3AC980FFC /* MWMultiChannelTemperature.m */ = {isa = PBXFileReference; name = "MWMultiChannelTemperature.m"; path = "com.mbientlab.metawear/MWMultiChannelTemperature.m"; sourceTree = "<group>"; fileEncoding = 4; lastKnownFileType = sourcecode.c.objc; explicitFileType = undefined; includeInIndex = 0; };
		0C95CB548A1A4131A8C0393C /* StepCounter.m */ = {isa = PBXFileReference; name = "StepCounter.m"; path = "com.mbientlab.metawear/StepCounter.m"; sourceTree = "<group>"; fileEncoding = 4; lastKnownFileType = sourcecode.c.objc; explicitFileType = undefined; includeInIndex = 0; };
		06D0012866A4445F8C171C59 /* MWGyroscope.m */ = {isa = PBXFileReference; name = "MWGyroscope.m"; path = "com.mbientlab.metawear/MWGyroscope.m"; sourceTree = "<group>"; fileEncoding = 4; lastKnownFileType = sourcecode.c.objc; explicitFileType = undefined; includeInIndex = 0; };
		F2A6ECB4B5174765AA53CFBA /* MBLConstants.h */ = {isa = PBXFileReference; name = "MBLConstants.h"; path = "com.mbientlab.metawear/MBLConstants.h"; sourceTree = "<group>"; fileEncoding = 4; lastKnownFileType = sourcecode.c.h; explicitFileType = undefined; includeInIndex = 0; };
		877024378A3A4E69B1723D5D /* MBLMetaWear.h */ = {isa = PBXFileReference; name = "MBLMetaWear.h"; path = "com.mbientlab.metawear/MBLMetaWear.h"; sourceTree = "<group>"; fileEncoding = 4; lastKnownFileType = sourcecode.c.h; explicitFileType = undefined; includeInIndex = 0; };
		157E4F834E734717BC0520A1 /* MBLMetaWearManager.h */ = {isa = PBXFileReference; name = "MBLMetaWearManager.h"; path = "com.mbientlab.metawear/MBLMetaWearManager.h"; sourceTree = "<group>"; fileEncoding = 4; lastKnownFileType = sourcecode.c.h; explicitFileType = undefined; includeInIndex = 0; };
		DD800BC44C6E40DB8EFC0CEB /* MBLAccelerometer.h */ = {isa = PBXFileReference; name = "MBLAccelerometer.h"; path = "com.mbientlab.metawear/MBLAccelerometer.h"; sourceTree = "<group>"; fileEncoding = 4; lastKnownFileType = sourcecode.c.h; explicitFileType = undefined; includeInIndex = 0; };
		F99EAD47882344979411977B /* MBLAccelerometerBMI160.h */ = {isa = PBXFileReference; name = "MBLAccelerometerBMI160.h"; path = "com.mbientlab.metawear/MBLAccelerometerBMI160.h"; sourceTree = "<group>"; fileEncoding = 4; lastKnownFileType = sourcecode.c.h; explicitFileType = undefined; includeInIndex = 0; };
		3F1DCF8A1119421787A11A17 /* MBLAccelerometerBosch.h */ = {isa = PBXFileReference; name = "MBLAccelerometerBosch.h"; path = "com.mbientlab.metawear/MBLAccelerometerBosch.h"; sourceTree = "<group>"; fileEncoding = 4; lastKnownFileType = sourcecode.c.h; explicitFileType = undefined; includeInIndex = 0; };
		32E11CCF968E4CB4981AE78D /* bmi160.h */ = {isa = PBXFileReference; name = "bmi160.h"; path = "com.mbientlab.metawear/bmi160.h"; sourceTree = "<group>"; fileEncoding = 4; lastKnownFileType = sourcecode.c.h; explicitFileType = undefined; includeInIndex = 0; };
		727AC0F121CE4B608E178EAC /* MBLAccelerometerData.h */ = {isa = PBXFileReference; name = "MBLAccelerometerData.h"; path = "com.mbientlab.metawear/MBLAccelerometerData.h"; sourceTree = "<group>"; fileEncoding = 4; lastKnownFileType = sourcecode.c.h; explicitFileType = undefined; includeInIndex = 0; };
		8FC1A86966F34FE9B1884DEA /* MBLGyro.h */ = {isa = PBXFileReference; name = "MBLGyro.h"; path = "com.mbientlab.metawear/MBLGyro.h"; sourceTree = "<group>"; fileEncoding = 4; lastKnownFileType = sourcecode.c.h; explicitFileType = undefined; includeInIndex = 0; };
		DB8EF633541243CF81BA6C9A /* MBLGyroData.h */ = {isa = PBXFileReference; name = "MBLGyroData.h"; path = "com.mbientlab.metawear/MBLGyroData.h"; sourceTree = "<group>"; fileEncoding = 4; lastKnownFileType = sourcecode.c.h; explicitFileType = undefined; includeInIndex = 0; };
		E55BB1A51D364A73BD304265 /* MBLOrientationData.h */ = {isa = PBXFileReference; name = "MBLOrientationData.h"; path = "com.mbientlab.metawear/MBLOrientationData.h"; sourceTree = "<group>"; fileEncoding = 4; lastKnownFileType = sourcecode.c.h; explicitFileType = undefined; includeInIndex = 0; };
		B19DC50505054197945E08B3 /* MBLTemperature.h */ = {isa = PBXFileReference; name = "MBLTemperature.h"; path = "com.mbientlab.metawear/MBLTemperature.h"; sourceTree = "<group>"; fileEncoding = 4; lastKnownFileType = sourcecode.c.h; explicitFileType = undefined; includeInIndex = 0; };
		83C204F9EE924E00B1C44430 /* MBLExternalThermistor.h */ = {isa = PBXFileReference; name = "MBLExternalThermistor.h"; path = "com.mbientlab.metawear/MBLExternalThermistor.h"; sourceTree = "<group>"; fileEncoding = 4; lastKnownFileType = sourcecode.c.h; explicitFileType = undefined; includeInIndex = 0; };
		EB5DAA1ACDA74AB6A9A58B60 /* MBLData.h */ = {isa = PBXFileReference; name = "MBLData.h"; path = "com.mbientlab.metawear/MBLData.h"; sourceTree = "<group>"; fileEncoding = 4; lastKnownFileType = sourcecode.c.h; explicitFileType = undefined; includeInIndex = 0; };
		C6F3DD2679834C95A40713C0 /* MBLNumericData.h */ = {isa = PBXFileReference; name = "MBLNumericData.h"; path = "com.mbientlab.metawear/MBLNumericData.h"; sourceTree = "<group>"; fileEncoding = 4; lastKnownFileType = sourcecode.c.h; explicitFileType = undefined; includeInIndex = 0; };
		C51ABE5E8D914D3B8531F1CD /* MBLDataSample.h */ = {isa = PBXFileReference; name = "MBLDataSample.h"; path = "com.mbientlab.metawear/MBLDataSample.h"; sourceTree = "<group>"; fileEncoding = 4; lastKnownFileType = sourcecode.c.h; explicitFileType = undefined; includeInIndex = 0; };
		4DEE25C4B4044929A8B447DB /* MBLEvent.h */ = {isa = PBXFileReference; name = "MBLEvent.h"; path = "com.mbientlab.metawear/MBLEvent.h"; sourceTree = "<group>"; fileEncoding = 4; lastKnownFileType = sourcecode.c.h; explicitFileType = undefined; includeInIndex = 0; };
		AFD4FA03B5B046E69911242E /* MBLRegister.h */ = {isa = PBXFileReference; name = "MBLRegister.h"; path = "com.mbientlab.metawear/MBLRegister.h"; sourceTree = "<group>"; fileEncoding = 4; lastKnownFileType = sourcecode.c.h; explicitFileType = undefined; includeInIndex = 0; };
		773388305109432AA4742EE0 /* MBLModule.h */ = {isa = PBXFileReference; name = "MBLModule.h"; path = "com.mbientlab.metawear/MBLModule.h"; sourceTree = "<group>"; fileEncoding = 4; lastKnownFileType = sourcecode.c.h; explicitFileType = undefined; includeInIndex = 0; };
		757EE0937F8A4C44810A9D72 /* BFTask+MBLExtensions.h */ = {isa = PBXFileReference; name = "BFTask+MBLExtensions.h"; path = "com.mbientlab.metawear/BFTask+MBLExtensions.h"; sourceTree = "<group>"; fileEncoding = 4; lastKnownFileType = sourcecode.c.h; explicitFileType = undefined; includeInIndex = 0; };
		A3BCD87347EA4C4C8950D6E0 /* MBLLED.h */ = {isa = PBXFileReference; name = "MBLLED.h"; path = "com.mbientlab.metawear/MBLLED.h"; sourceTree = "<group>"; fileEncoding = 4; lastKnownFileType = sourcecode.c.h; explicitFileType = undefined; includeInIndex = 0; };
		2CCFC1971ED64EEFB45F6980 /* Bolts.h */ = {isa = PBXFileReference; name = "Bolts.h"; path = "com.mbientlab.metawear/Bolts.h"; sourceTree = "<group>"; fileEncoding = 4; lastKnownFileType = sourcecode.c.h; explicitFileType = undefined; includeInIndex = 0; };
		F5DBCD491BEB482EB56D1284 /* BoltsVersion.h */ = {isa = PBXFileReference; name = "BoltsVersion.h"; path = "com.mbientlab.metawear/BoltsVersion.h"; sourceTree = "<group>"; fileEncoding = 4; lastKnownFileType = sourcecode.c.h; explicitFileType = undefined; includeInIndex = 0; };
		D199397DEB2446058FCADEE7 /* BFCancellationToken.h */ = {isa = PBXFileReference; name = "BFCancellationToken.h"; path = "com.mbientlab.metawear/BFCancellationToken.h"; sourceTree = "<group>"; fileEncoding = 4; lastKnownFileType = sourcecode.c.h; explicitFileType = undefined; includeInIndex = 0; };
		7B97FD2E6CD741EAA805E9A3 /* BFCancellationTokenRegistration.h */ = {isa = PBXFileReference; name = "BFCancellationTokenRegistration.h"; path = "com.mbientlab.metawear/BFCancellationTokenRegistration.h"; sourceTree = "<group>"; fileEncoding = 4; lastKnownFileType = sourcecode.c.h; explicitFileType = undefined; includeInIndex = 0; };
		549A515879F447C6A430173E /* BFCancellationTokenSource.h */ = {isa = PBXFileReference; name = "BFCancellationTokenSource.h"; path = "com.mbientlab.metawear/BFCancellationTokenSource.h"; sourceTree = "<group>"; fileEncoding = 4; lastKnownFileType = sourcecode.c.h; explicitFileType = undefined; includeInIndex = 0; };
		756DD89464FC49E3AC4B32FE /* BFExecutor.h */ = {isa = PBXFileReference; name = "BFExecutor.h"; path = "com.mbientlab.metawear/BFExecutor.h"; sourceTree = "<group>"; fileEncoding = 4; lastKnownFileType = sourcecode.c.h; explicitFileType = undefined; includeInIndex = 0; };
		1EEC308F336B4626812C9B60 /* BFTask.h */ = {isa = PBXFileReference; name = "BFTask.h"; path = "com.mbientlab.metawear/BFTask.h"; sourceTree = "<group>"; fileEncoding = 4; lastKnownFileType = sourcecode.c.h; explicitFileType = undefined; includeInIndex = 0; };
		FB9D08C808434D99912D3626 /* BFTaskCompletionSource.h */ = {isa = PBXFileReference; name = "BFTaskCompletionSource.h"; path = "com.mbientlab.metawear/BFTaskCompletionSource.h"; sourceTree = "<group>"; fileEncoding = 4; lastKnownFileType = sourcecode.c.h; explicitFileType = undefined; includeInIndex = 0; };
		FA6E5221236F444CB5407F15 /* MWDevice.h */ = {isa = PBXFileReference; name = "MWDevice.h"; path = "com.mbientlab.metawear/MWDevice.h"; sourceTree = "<group>"; fileEncoding = 4; lastKnownFileType = sourcecode.c.h; explicitFileType = undefined; includeInIndex = 0; };
		4BC0032FB7C040999BDA4DB8 /* MWSupportedModules.h */ = {isa = PBXFileReference; name = "MWSupportedModules.h"; path = "com.mbientlab.metawear/MWSupportedModules.h"; sourceTree = "<group>"; fileEncoding = 4; lastKnownFileType = sourcecode.c.h; explicitFileType = undefined; includeInIndex = 0; };
		1EE69B41915E4B8C86177DBF /* RSSI.h */ = {isa = PBXFileReference; name = "RSSI.h"; path = "com.mbientlab.metawear/RSSI.h"; sourceTree = "<group>"; fileEncoding = 4; lastKnownFileType = sourcecode.c.h; explicitFileType = undefined; includeInIndex = 0; };
		B49D51222D33469895B15C22 /* LEDModule.h */ = {isa = PBXFileReference; name = "LEDModule.h"; path = "com.mbientlab.metawear/LEDModule.h"; sourceTree = "<group>"; fileEncoding = 4; lastKnownFileType = sourcecode.c.h; explicitFileType = undefined; includeInIndex = 0; };
		BA333C6A40D34E66BB1B22A4 /* BatteryLevel.h */ = {isa = PBXFileReference; name = "BatteryLevel.h"; path = "com.mbientlab.metawear/BatteryLevel.h"; sourceTree = "<group>"; fileEncoding = 4; lastKnownFileType = sourcecode.c.h; explicitFileType = undefined; includeInIndex = 0; };
		42C17888DF0C4B69957158C3 /* MWAccelerometer.h */ = {isa = PBXFileReference; name = "MWAccelerometer.h"; path = "com.mbientlab.metawear/MWAccelerometer.h"; sourceTree = "<group>"; fileEncoding = 4; lastKnownFileType = sourcecode.c.h; explicitFileType = undefined; includeInIndex = 0; };
		D45F0DF6C60943F78E9D2432 /* MWMultiChannelTemperature.h */ = {isa = PBXFileReference; name = "MWMultiChannelTemperature.h"; path = "com.mbientlab.metawear/MWMultiChannelTemperature.h"; sourceTree = "<group>"; fileEncoding = 4; lastKnownFileType = sourcecode.c.h; explicitFileType = undefined; includeInIndex = 0; };
		B1CBA5206C4B429F92D4CCF9 /* StepCounter.h */ = {isa = PBXFileReference; name = "StepCounter.h"; path = "com.mbientlab.metawear/StepCounter.h"; sourceTree = "<group>"; fileEncoding = 4; lastKnownFileType = sourcecode.c.h; explicitFileType = undefined; includeInIndex = 0; };
		D0671851D602435FA10006E7 /* MWGyroscope.h */ = {isa = PBXFileReference; name = "MWGyroscope.h"; path = "com.mbientlab.metawear/MWGyroscope.h"; sourceTree = "<group>"; fileEncoding = 4; lastKnownFileType = sourcecode.c.h; explicitFileType = undefined; includeInIndex = 0; };
/* End PBXFileReference section */

/* Begin PBXFrameworksBuildPhase section */
		1D60588F0D05DD3D006BFB54 /* Frameworks */ = {
			isa = PBXFrameworksBuildPhase;
			buildActionMask = 2147483647;
			files = (
				301BF552109A68D80062928A /* libCordova.a in Frameworks */,
				7EE67BDC2C5D473A8090AEFF /* Foundation.framework in Frameworks */,
				73132048C3F24F5DB72AEA0B /* CoreData.framework in Frameworks */,
				93F940D5C5AF4B24836F5822 /* libMetawear-iOSAPI.a in Frameworks */,
			);
			runOnlyForDeploymentPostprocessing = 0;
		};
/* End PBXFrameworksBuildPhase section */

/* Begin PBXGroup section */
		080E96DDFE201D6D7F000001 /* Classes */ = {
			isa = PBXGroup;
			children = (
				302D95EE14D2391D003F00A1 /* MainViewController.h */,
				302D95EF14D2391D003F00A1 /* MainViewController.m */,
				302D95F014D2391D003F00A1 /* MainViewController.xib */,
				1D3623240D0F684500981E51 /* AppDelegate.h */,
				1D3623250D0F684500981E51 /* AppDelegate.m */,
			);
			name = Classes;
			path = "HelloCordova/Classes";
			sourceTree = SOURCE_ROOT;
		};
		19C28FACFE9D520D11CA2CBB /* Products */ = {
			isa = PBXGroup;
			children = (
				1D6058910D05DD3D006BFB54 /* HelloCordova.app */,
			);
			name = Products;
			sourceTree = "<group>";
		};
		29B97314FDCFA39411CA2CEA /* CustomTemplate */ = {
			isa = PBXGroup;
			children = (
				EB87FDF41871DAF40020F90C /* config.xml */,
				EB87FDF31871DA8E0020F90C /* www */,
				EB87FDF11871DA420020F90C /* Staging */,
				301BF52D109A57CC0062928A /* CordovaLib.xcodeproj */,
				080E96DDFE201D6D7F000001 /* Classes */,
				307C750510C5A3420062BCA9 /* Plugins */,
				29B97315FDCFA39411CA2CEA /* Other Sources */,
				29B97317FDCFA39411CA2CEA /* Resources */,
				29B97323FDCFA39411CA2CEA /* Frameworks */,
				19C28FACFE9D520D11CA2CBB /* Products */,
			);
			name = CustomTemplate;
			sourceTree = "<group>";
		};
		29B97315FDCFA39411CA2CEA /* Other Sources */ = {
			isa = PBXGroup;
			children = (
				32CA4F630368D1EE00C91783 /* HelloCordova-Prefix.pch */,
				29B97316FDCFA39411CA2CEA /* main.m */,
				ED33DF2A687741AEAF9F8254 /* Bridging-Header.h */,
			);
			name = "Other Sources";
			path = "HelloCordova";
			sourceTree = "<group>";
		};
		29B97317FDCFA39411CA2CEA /* Resources */ = {
			isa = PBXGroup;
			children = (
				0207DA571B56EA530066E2B4 /* Images.xcassets */,
				3047A50E1AB8057F00498E2A /* config */,
				8D1107310486CEB800E47090 /* HelloCordova-Info.plist */,
			);
			name = Resources;
			path = "HelloCordova/Resources";
			sourceTree = "<group>";
		};
		29B97323FDCFA39411CA2CEA /* Frameworks */ = {
			isa = PBXGroup;
			children = (
				0BD123FD384B4FC3AFBB376B /* Foundation.framework */,
				55BEB0E298E44A749A4DF967 /* CoreData.framework */,
				379F0B8AB6E1483E8CC62106 /* libMetawear-iOSAPI.a */,
			);
			name = Frameworks;
			sourceTree = "<group>";
		};
		301BF52E109A57CC0062928A /* Products */ = {
			isa = PBXGroup;
			children = (
				301BF535109A57CC0062928A /* libCordova.a */,
			);
			name = Products;
			sourceTree = "<group>";
		};
		3047A50E1AB8057F00498E2A /* config */ = {
			isa = PBXGroup;
			children = (
				3047A50F1AB8059700498E2A /* build-debug.xcconfig */,
				3047A5101AB8059700498E2A /* build-release.xcconfig */,
				3047A5111AB8059700498E2A /* build.xcconfig */,
			);
			name = config;
			sourceTree = "<group>";
		};
		307C750510C5A3420062BCA9 /* Plugins */ = {
			isa = PBXGroup;
			children = (
				58203E0BA49B44F18730E140 /* Bolts.m */,
				D9BDBC06CAD6494DA472E3FB /* BFCancellationToken.m */,
				4259591A833A4FAF9CC7CA64 /* BFCancellationTokenRegistration.m */,
				779707115F4C43FB9F1A1BEC /* BFCancellationTokenSource.m */,
				6C193CAB8EB048DBB683F0DE /* BFExecutor.m */,
				C73BE63B16714C22935CD7BC /* BFTask.m */,
				6A729F3BF6984E59BE22FB0E /* BFTaskCompletionSource.m */,
				884AC495CCE64D8CAEE703AC /* MWDevice.m */,
				465A601DBE5F4A3FB599A917 /* MWSupportedModules.m */,
				852019B8DE9449BCBB84B5FB /* RSSI.m */,
				9CBF6B0BCEF0452B9B3A9950 /* LEDModule.m */,
				6D6D71EC350A4EBD83F69125 /* BatteryLevel.m */,
				1375D0C57D2546C8A19585A9 /* MWAccelerometer.m */,
				3D4FA40E0A6245D3AC980FFC /* MWMultiChannelTemperature.m */,
				0C95CB548A1A4131A8C0393C /* StepCounter.m */,
				06D0012866A4445F8C171C59 /* MWGyroscope.m */,
				F2A6ECB4B5174765AA53CFBA /* MBLConstants.h */,
				877024378A3A4E69B1723D5D /* MBLMetaWear.h */,
				157E4F834E734717BC0520A1 /* MBLMetaWearManager.h */,
				DD800BC44C6E40DB8EFC0CEB /* MBLAccelerometer.h */,
				F99EAD47882344979411977B /* MBLAccelerometerBMI160.h */,
				3F1DCF8A1119421787A11A17 /* MBLAccelerometerBosch.h */,
				32E11CCF968E4CB4981AE78D /* bmi160.h */,
				727AC0F121CE4B608E178EAC /* MBLAccelerometerData.h */,
				8FC1A86966F34FE9B1884DEA /* MBLGyro.h */,
				DB8EF633541243CF81BA6C9A /* MBLGyroData.h */,
				E55BB1A51D364A73BD304265 /* MBLOrientationData.h */,
				B19DC50505054197945E08B3 /* MBLTemperature.h */,
				83C204F9EE924E00B1C44430 /* MBLExternalThermistor.h */,
				EB5DAA1ACDA74AB6A9A58B60 /* MBLData.h */,
				C6F3DD2679834C95A40713C0 /* MBLNumericData.h */,
				C51ABE5E8D914D3B8531F1CD /* MBLDataSample.h */,
				4DEE25C4B4044929A8B447DB /* MBLEvent.h */,
				AFD4FA03B5B046E69911242E /* MBLRegister.h */,
				773388305109432AA4742EE0 /* MBLModule.h */,
				757EE0937F8A4C44810A9D72 /* BFTask+MBLExtensions.h */,
				A3BCD87347EA4C4C8950D6E0 /* MBLLED.h */,
				2CCFC1971ED64EEFB45F6980 /* Bolts.h */,
				F5DBCD491BEB482EB56D1284 /* BoltsVersion.h */,
				D199397DEB2446058FCADEE7 /* BFCancellationToken.h */,
				7B97FD2E6CD741EAA805E9A3 /* BFCancellationTokenRegistration.h */,
				549A515879F447C6A430173E /* BFCancellationTokenSource.h */,
				756DD89464FC49E3AC4B32FE /* BFExecutor.h */,
				1EEC308F336B4626812C9B60 /* BFTask.h */,
				FB9D08C808434D99912D3626 /* BFTaskCompletionSource.h */,
				FA6E5221236F444CB5407F15 /* MWDevice.h */,
				4BC0032FB7C040999BDA4DB8 /* MWSupportedModules.h */,
				1EE69B41915E4B8C86177DBF /* RSSI.h */,
				B49D51222D33469895B15C22 /* LEDModule.h */,
				BA333C6A40D34E66BB1B22A4 /* BatteryLevel.h */,
				42C17888DF0C4B69957158C3 /* MWAccelerometer.h */,
				D45F0DF6C60943F78E9D2432 /* MWMultiChannelTemperature.h */,
				B1CBA5206C4B429F92D4CCF9 /* StepCounter.h */,
				D0671851D602435FA10006E7 /* MWGyroscope.h */,
			);
			name = Plugins;
			path = "HelloCordova/Plugins";
			sourceTree = SOURCE_ROOT;
		};
		EB87FDF11871DA420020F90C /* Staging */ = {
			isa = PBXGroup;
			children = (
				F840E1F0165FE0F500CFE078 /* config.xml */,
				301BF56E109A69640062928A /* www */,
			);
			name = Staging;
			sourceTree = "<group>";
		};
/* End PBXGroup section */

/* Begin PBXNativeTarget section */
		1D6058900D05DD3D006BFB54 /* HelloCordova */ = {
			isa = PBXNativeTarget;
			buildConfigurationList = 1D6058960D05DD3E006BFB54 /* Build configuration list for PBXNativeTarget "HelloCordova" */;
			buildPhases = (
				304B58A110DAC018002A0835 /* Copy www directory */,
				1D60588D0D05DD3D006BFB54 /* Resources */,
				1D60588E0D05DD3D006BFB54 /* Sources */,
				1D60588F0D05DD3D006BFB54 /* Frameworks */,
			);
			buildRules = (
			);
			dependencies = (
				301BF551109A68C00062928A /* PBXTargetDependency */,
			);
			name = "HelloCordova";
			productName = "HelloCordova";
			productReference = 1D6058910D05DD3D006BFB54 /* HelloCordova.app */;
			productType = "com.apple.product-type.application";
		};
/* End PBXNativeTarget section */

/* Begin PBXProject section */
		29B97313FDCFA39411CA2CEA /* Project object */ = {
			isa = PBXProject;
			attributes = {
				LastUpgradeCheck = 510;
			};
			buildConfigurationList = C01FCF4E08A954540054247B /* Build configuration list for PBXProject "__NON-CLI__" */;
			compatibilityVersion = "Xcode 3.2";
			developmentRegion = English;
			hasScannedForEncodings = 1;
			mainGroup = 29B97314FDCFA39411CA2CEA /* CustomTemplate */;
			projectDirPath = "";
			projectReferences = (
				{
					ProductGroup = 301BF52E109A57CC0062928A /* Products */;
					ProjectRef = 301BF52D109A57CC0062928A /* CordovaLib.xcodeproj */;
				},
			);
			projectRoot = "";
			targets = (
				1D6058900D05DD3D006BFB54 /* HelloCordova */,
			);
		};
/* End PBXProject section */

/* Begin PBXReferenceProxy section */
		301BF535109A57CC0062928A /* libCordova.a */ = {
			isa = PBXReferenceProxy;
			fileType = archive.ar;
			path = libCordova.a;
			remoteRef = 301BF534109A57CC0062928A /* PBXContainerItemProxy */;
			sourceTree = BUILT_PRODUCTS_DIR;
		};
/* End PBXReferenceProxy section */

/* Begin PBXResourcesBuildPhase section */
		1D60588D0D05DD3D006BFB54 /* Resources */ = {
			isa = PBXResourcesBuildPhase;
			buildActionMask = 2147483647;
			files = (
				302D95F214D2391D003F00A1 /* MainViewController.xib in Resources */,
				3047A5131AB8059700498E2A /* build-release.xcconfig in Resources */,
				3047A5141AB8059700498E2A /* build.xcconfig in Resources */,
				0207DA581B56EA530066E2B4 /* Images.xcassets in Resources */,
				3047A5121AB8059700498E2A /* build-debug.xcconfig in Resources */,
			);
			runOnlyForDeploymentPostprocessing = 0;
		};
/* End PBXResourcesBuildPhase section */

/* Begin PBXShellScriptBuildPhase section */
		304B58A110DAC018002A0835 /* Copy www directory */ = {
			isa = PBXShellScriptBuildPhase;
			buildActionMask = 2147483647;
			files = (
			);
			inputPaths = (
			);
			name = "Copy www directory";
			outputPaths = (
			);
			runOnlyForDeploymentPostprocessing = 0;
			shellPath = /bin/sh;
			shellScript = "NODEJS_PATH=/usr/local/bin; NVM_NODE_PATH=~/.nvm/versions/node/`nvm version 2>/dev/null`/bin; N_NODE_PATH=`find /usr/local/n/versions/node/* -maxdepth 0 -type d 2>/dev/null | tail -1`/bin; XCODE_NODE_PATH=`xcode-select --print-path`/usr/share/xcs/Node/bin; PATH=$NODEJS_PATH:$NVM_NODE_PATH:$N_NODE_PATH:$XCODE_NODE_PATH:$PATH && node cordova/lib/copy-www-build-step.js";
			showEnvVarsInLog = 0;
		};
/* End PBXShellScriptBuildPhase section */

/* Begin PBXSourcesBuildPhase section */
		1D60588E0D05DD3D006BFB54 /* Sources */ = {
			isa = PBXSourcesBuildPhase;
			buildActionMask = 2147483647;
			files = (
				1D60589B0D05DD56006BFB54 /* main.m in Sources */,
				1D3623260D0F684500981E51 /* AppDelegate.m in Sources */,
				302D95F114D2391D003F00A1 /* MainViewController.m in Sources */,
				EDE800F8AAB84B079B4185A3 /* Bolts.m in Sources */,
				0659993BC9324A6C936A618A /* BFCancellationToken.m in Sources */,
				377F125CF7A3473BBCAE4BA9 /* BFCancellationTokenRegistration.m in Sources */,
				55EA943AE1ED4473BA366C72 /* BFCancellationTokenSource.m in Sources */,
				9C91A82435274D97ADC01AC2 /* BFExecutor.m in Sources */,
				8D3533569E514BB7888F436D /* BFTask.m in Sources */,
				49FC0BE268B240F9B48C6EE6 /* BFTaskCompletionSource.m in Sources */,
				A0109D9F651D4443A4B15EB2 /* MWDevice.m in Sources */,
				38432B7330464C889104E60F /* MWSupportedModules.m in Sources */,
				F22A6E9E7F5D46EFBE66D51C /* RSSI.m in Sources */,
				CE24F7D8231A48C694DE08AA /* LEDModule.m in Sources */,
				E167147F93CC48B8BE671B24 /* BatteryLevel.m in Sources */,
				A79CF2EF73CF4112A9A47E2D /* MWAccelerometer.m in Sources */,
				CADAAACAFC4F42FB8A3A25C6 /* MWMultiChannelTemperature.m in Sources */,
				BE68976AC8674C898795C08E /* StepCounter.m in Sources */,
				6778A821F22D439794E472DD /* MWGyroscope.m in Sources */,
			);
			runOnlyForDeploymentPostprocessing = 0;
		};
/* End PBXSourcesBuildPhase section */

/* Begin PBXTargetDependency section */
		301BF551109A68C00062928A /* PBXTargetDependency */ = {
			isa = PBXTargetDependency;
			name = CordovaLib;
			targetProxy = 301BF550109A68C00062928A /* PBXContainerItemProxy */;
		};
/* End PBXTargetDependency section */

/* Begin XCBuildConfiguration section */
		1D6058940D05DD3E006BFB54 /* Debug */ = {
			isa = XCBuildConfiguration;
			baseConfigurationReference = 3047A50F1AB8059700498E2A /* build-debug.xcconfig */;
			buildSettings = {
				ALWAYS_SEARCH_USER_PATHS = NO;
				ASSETCATALOG_COMPILER_APPICON_NAME = AppIcon;
				ASSETCATALOG_COMPILER_LAUNCHIMAGE_NAME = LaunchImage;
				CLANG_ENABLE_MODULES = YES;
				CLANG_ENABLE_OBJC_ARC = YES;
				COPY_PHASE_STRIP = NO;
				GCC_DYNAMIC_NO_PIC = NO;
				GCC_OPTIMIZATION_LEVEL = 0;
				GCC_PRECOMPILE_PREFIX_HEADER = YES;
				GCC_PREFIX_HEADER = "HelloCordova/HelloCordova-Prefix.pch";
				GCC_THUMB_SUPPORT = NO;
				GCC_VERSION = "";
				INFOPLIST_FILE = "HelloCordova/HelloCordova-Info.plist";
				LD_RUNPATH_SEARCH_PATHS = "@executable_path/Frameworks";
				PRODUCT_NAME = "HelloCordova";
				LIBRARY_SEARCH_PATHS = (
					"$(inherited)",
					"\"$(SRCROOT)/HelloCordova/Plugins/com.mbientlab.metawear\"",
				);
			};
			name = Debug;
		};
		1D6058950D05DD3E006BFB54 /* Release */ = {
			isa = XCBuildConfiguration;
			baseConfigurationReference = 3047A5101AB8059700498E2A /* build-release.xcconfig */;
			buildSettings = {
				ALWAYS_SEARCH_USER_PATHS = NO;
				ASSETCATALOG_COMPILER_APPICON_NAME = AppIcon;
				ASSETCATALOG_COMPILER_LAUNCHIMAGE_NAME = LaunchImage;
				CLANG_ENABLE_MODULES = YES;
				CLANG_ENABLE_OBJC_ARC = YES;
				COPY_PHASE_STRIP = YES;
				GCC_PRECOMPILE_PREFIX_HEADER = YES;
				GCC_PREFIX_HEADER = "HelloCordova/HelloCordova-Prefix.pch";
				GCC_THUMB_SUPPORT = NO;
				GCC_VERSION = "";
				INFOPLIST_FILE = "HelloCordova/HelloCordova-Info.plist";
				PRODUCT_NAME = "HelloCordova";
				LIBRARY_SEARCH_PATHS = (
					"$(inherited)",
					"\"$(SRCROOT)/HelloCordova/Plugins/com.mbientlab.metawear\"",
				);
			};
			name = Release;
		};
		C01FCF4F08A954540054247B /* Debug */ = {
			isa = XCBuildConfiguration;
			baseConfigurationReference = 3047A5111AB8059700498E2A /* build.xcconfig */;
			buildSettings = {
				CLANG_ENABLE_MODULES = YES;
				CLANG_ENABLE_OBJC_ARC = YES;
				CLANG_WARN_BOOL_CONVERSION = YES;
				CLANG_WARN_CONSTANT_CONVERSION = YES;
				CLANG_WARN_EMPTY_BODY = YES;
				CLANG_WARN_ENUM_CONVERSION = YES;
				CLANG_WARN_INT_CONVERSION = YES;
				CLANG_WARN__DUPLICATE_METHOD_MATCH = YES;
				GCC_C_LANGUAGE_STANDARD = c99;
				GCC_THUMB_SUPPORT = NO;
				GCC_VERSION = "";
				GCC_WARN_ABOUT_RETURN_TYPE = YES;
				GCC_WARN_UNDECLARED_SELECTOR = YES;
				GCC_WARN_UNINITIALIZED_AUTOS = YES;
				GCC_WARN_UNUSED_FUNCTION = YES;
				GCC_WARN_UNUSED_VARIABLE = YES;
				ONLY_ACTIVE_ARCH = YES;
				SDKROOT = iphoneos;
				SKIP_INSTALL = NO;
			};
			name = Debug;
		};
		C01FCF5008A954540054247B /* Release */ = {
			isa = XCBuildConfiguration;
			baseConfigurationReference = 3047A5111AB8059700498E2A /* build.xcconfig */;
			buildSettings = {
				CLANG_ENABLE_MODULES = YES;
				CLANG_ENABLE_OBJC_ARC = YES;
				CLANG_WARN_BOOL_CONVERSION = YES;
				CLANG_WARN_CONSTANT_CONVERSION = YES;
				CLANG_WARN_EMPTY_BODY = YES;
				CLANG_WARN_ENUM_CONVERSION = YES;
				CLANG_WARN_INT_CONVERSION = YES;
				CLANG_WARN__DUPLICATE_METHOD_MATCH = YES;
				GCC_C_LANGUAGE_STANDARD = c99;
				GCC_THUMB_SUPPORT = NO;
				GCC_VERSION = "";
				GCC_WARN_ABOUT_RETURN_TYPE = YES;
				GCC_WARN_UNDECLARED_SELECTOR = YES;
				GCC_WARN_UNINITIALIZED_AUTOS = YES;
				GCC_WARN_UNUSED_FUNCTION = YES;
				GCC_WARN_UNUSED_VARIABLE = YES;
				SDKROOT = iphoneos;
				SKIP_INSTALL = NO;
			};
			name = Release;
		};
/* End XCBuildConfiguration section */

/* Begin XCConfigurationList section */
		1D6058960D05DD3E006BFB54 /* Build configuration list for PBXNativeTarget "HelloCordova" */ = {
			isa = XCConfigurationList;
			buildConfigurations = (
				1D6058940D05DD3E006BFB54 /* Debug */,
				1D6058950D05DD3E006BFB54 /* Release */,
			);
			defaultConfigurationIsVisible = 0;
			defaultConfigurationName = Release;
		};
		C01FCF4E08A954540054247B /* Build configuration list for PBXProject "__NON-CLI__" */ = {
			isa = XCConfigurationList;
			buildConfigurations = (
				C01FCF4F08A954540054247B /* Debug */,
				C01FCF5008A954540054247B /* Release */,
			);
			defaultConfigurationIsVisible = 0;
			defaultConfigurationName = Release;
		};
/* End XCConfigurationList section */
	};
	rootObject = 29B97313FDCFA39411CA2CEA /* Project object */;
}
